// !$*UTF8*$!
{
	archiveVersion = 1;
	classes = {
	};
	objectVersion = 56;
	objects = {

/* Begin PBXBuildFile section */
		09CF46E81B26D78A5193C648 /* Pods_QuizUp_Battle.framework in Frameworks */ = {isa = PBXBuildFile; fileRef = 698208958E628852CB7E910E /* Pods_QuizUp_Battle.framework */; };
		7F016C2029AD546200263600 /* Secrets.swift in Sources */ = {isa = PBXBuildFile; fileRef = 7F016C1F29AD546200263600 /* Secrets.swift */; };
		7F19EB4B29A63112000AD362 /* Progressbar.swift in Sources */ = {isa = PBXBuildFile; fileRef = 7F19EB4A29A63111000AD362 /* Progressbar.swift */; };
		7F347B5529957CDF001D4B35 /* ResultGameViewController.swift in Sources */ = {isa = PBXBuildFile; fileRef = 7F347B5429957CDF001D4B35 /* ResultGameViewController.swift */; };
		7F347B6029982653001D4B35 /* cup.json in Resources */ = {isa = PBXBuildFile; fileRef = 7F347B5F29982653001D4B35 /* cup.json */; };
		7F48B24A29AF4A78001BED58 /* GoogleService-Info.plist in Resources */ = {isa = PBXBuildFile; fileRef = 7F48B24929AF4A78001BED58 /* GoogleService-Info.plist */; };
		7F70ECEB297AAB140044984C /* AppDelegate.swift in Sources */ = {isa = PBXBuildFile; fileRef = 7F70ECEA297AAB140044984C /* AppDelegate.swift */; };
		7F70ECED297AAB140044984C /* SceneDelegate.swift in Sources */ = {isa = PBXBuildFile; fileRef = 7F70ECEC297AAB140044984C /* SceneDelegate.swift */; };
		7F70ECEF297AAB140044984C /* OnboardingViewController.swift in Sources */ = {isa = PBXBuildFile; fileRef = 7F70ECEE297AAB140044984C /* OnboardingViewController.swift */; };
		7F70ECF2297AAB140044984C /* Main.storyboard in Resources */ = {isa = PBXBuildFile; fileRef = 7F70ECF0297AAB140044984C /* Main.storyboard */; };
		7F70ECF4297AAB160044984C /* Assets.xcassets in Resources */ = {isa = PBXBuildFile; fileRef = 7F70ECF3297AAB160044984C /* Assets.xcassets */; };
		7F70ECF7297AAB160044984C /* LaunchScreen.storyboard in Resources */ = {isa = PBXBuildFile; fileRef = 7F70ECF5297AAB160044984C /* LaunchScreen.storyboard */; };
		7F70ED14297AB27B0044984C /* Nunito-VariableFont_wght.ttf in Resources */ = {isa = PBXBuildFile; fileRef = 7F70ECFF297AB27B0044984C /* Nunito-VariableFont_wght.ttf */; };
		7F70ED15297AB27B0044984C /* Nunito-Medium.ttf in Resources */ = {isa = PBXBuildFile; fileRef = 7F70ED01297AB27B0044984C /* Nunito-Medium.ttf */; };
		7F70ED16297AB27B0044984C /* Nunito-ExtraBoldItalic.ttf in Resources */ = {isa = PBXBuildFile; fileRef = 7F70ED02297AB27B0044984C /* Nunito-ExtraBoldItalic.ttf */; };
		7F70ED17297AB27B0044984C /* Nunito-ExtraBold.ttf in Resources */ = {isa = PBXBuildFile; fileRef = 7F70ED03297AB27B0044984C /* Nunito-ExtraBold.ttf */; };
		7F70ED18297AB27B0044984C /* Nunito-ExtraLightItalic.ttf in Resources */ = {isa = PBXBuildFile; fileRef = 7F70ED04297AB27B0044984C /* Nunito-ExtraLightItalic.ttf */; };
		7F70ED19297AB27B0044984C /* Nunito-Light.ttf in Resources */ = {isa = PBXBuildFile; fileRef = 7F70ED05297AB27B0044984C /* Nunito-Light.ttf */; };
		7F70ED1A297AB27B0044984C /* Nunito-Regular.ttf in Resources */ = {isa = PBXBuildFile; fileRef = 7F70ED06297AB27B0044984C /* Nunito-Regular.ttf */; };
		7F70ED1B297AB27B0044984C /* Nunito-SemiBold.ttf in Resources */ = {isa = PBXBuildFile; fileRef = 7F70ED07297AB27B0044984C /* Nunito-SemiBold.ttf */; };
		7F70ED1C297AB27B0044984C /* Nunito-Bold.ttf in Resources */ = {isa = PBXBuildFile; fileRef = 7F70ED08297AB27B0044984C /* Nunito-Bold.ttf */; };
		7F70ED1D297AB27B0044984C /* Nunito-BoldItalic.ttf in Resources */ = {isa = PBXBuildFile; fileRef = 7F70ED09297AB27B0044984C /* Nunito-BoldItalic.ttf */; };
		7F70ED1E297AB27B0044984C /* Nunito-Black.ttf in Resources */ = {isa = PBXBuildFile; fileRef = 7F70ED0A297AB27B0044984C /* Nunito-Black.ttf */; };
		7F70ED1F297AB27B0044984C /* Nunito-ExtraLight.ttf in Resources */ = {isa = PBXBuildFile; fileRef = 7F70ED0B297AB27B0044984C /* Nunito-ExtraLight.ttf */; };
		7F70ED20297AB27B0044984C /* Nunito-SemiBoldItalic.ttf in Resources */ = {isa = PBXBuildFile; fileRef = 7F70ED0C297AB27B0044984C /* Nunito-SemiBoldItalic.ttf */; };
		7F70ED21297AB27B0044984C /* Nunito-BlackItalic.ttf in Resources */ = {isa = PBXBuildFile; fileRef = 7F70ED0D297AB27B0044984C /* Nunito-BlackItalic.ttf */; };
		7F70ED22297AB27B0044984C /* Nunito-Italic.ttf in Resources */ = {isa = PBXBuildFile; fileRef = 7F70ED0E297AB27B0044984C /* Nunito-Italic.ttf */; };
		7F70ED23297AB27B0044984C /* Nunito-LightItalic.ttf in Resources */ = {isa = PBXBuildFile; fileRef = 7F70ED0F297AB27B0044984C /* Nunito-LightItalic.ttf */; };
		7F70ED24297AB27B0044984C /* Nunito-MediumItalic.ttf in Resources */ = {isa = PBXBuildFile; fileRef = 7F70ED10297AB27B0044984C /* Nunito-MediumItalic.ttf */; };
		7F70ED25297AB27B0044984C /* OFL.txt in Resources */ = {isa = PBXBuildFile; fileRef = 7F70ED11297AB27B0044984C /* OFL.txt */; };
		7F70ED26297AB27B0044984C /* Nunito-Italic-VariableFont_wght.ttf in Resources */ = {isa = PBXBuildFile; fileRef = 7F70ED12297AB27B0044984C /* Nunito-Italic-VariableFont_wght.ttf */; };
		7F70ED27297AB27B0044984C /* README.txt in Resources */ = {isa = PBXBuildFile; fileRef = 7F70ED13297AB27B0044984C /* README.txt */; };
		7F70ED2B297C78290044984C /* SignUpViewController.swift in Sources */ = {isa = PBXBuildFile; fileRef = 7F70ED2A297C78290044984C /* SignUpViewController.swift */; };
		7F84FA8D299CF85F00827DC3 /* RankingsTableViewCell.swift in Sources */ = {isa = PBXBuildFile; fileRef = 7F84FA8C299CF85F00827DC3 /* RankingsTableViewCell.swift */; };
		7F84FA8F299CFD1F00827DC3 /* Rankings.swift in Sources */ = {isa = PBXBuildFile; fileRef = 7F84FA8E299CFD1F00827DC3 /* Rankings.swift */; };
		7FE0C9D129885C9500EBB913 /* SettingsViewController.swift in Sources */ = {isa = PBXBuildFile; fileRef = 7FE0C9D029885C9500EBB913 /* SettingsViewController.swift */; };
		7FE0C9D329885D4D00EBB913 /* String+Extension.swift in Sources */ = {isa = PBXBuildFile; fileRef = 7FE0C9D229885D4D00EBB913 /* String+Extension.swift */; };
		7FE0C9D52988712200EBB913 /* SettingsManager.swift in Sources */ = {isa = PBXBuildFile; fileRef = 7FE0C9D42988712200EBB913 /* SettingsManager.swift */; };
		7FE0C9D8298930F600EBB913 /* GameViewController.swift in Sources */ = {isa = PBXBuildFile; fileRef = 7FE0C9D7298930F600EBB913 /* GameViewController.swift */; };
		7FF74DED2982AE7F0067C3D9 /* RankingsViewController.swift in Sources */ = {isa = PBXBuildFile; fileRef = 7FF74DEC2982AE7F0067C3D9 /* RankingsViewController.swift */; };
		7FF74DF02982AE910067C3D9 /* ProfileViewController.swift in Sources */ = {isa = PBXBuildFile; fileRef = 7FF74DEF2982AE910067C3D9 /* ProfileViewController.swift */; };
		7FF74DFA2982BC450067C3D9 /* HomeViewController.swift in Sources */ = {isa = PBXBuildFile; fileRef = 7FF74DF92982BC450067C3D9 /* HomeViewController.swift */; };
		7FF74DFE2982BD5E0067C3D9 /* HomeCollectionViewCell.swift in Sources */ = {isa = PBXBuildFile; fileRef = 7FF74DFC2982BD5E0067C3D9 /* HomeCollectionViewCell.swift */; };
		7FF74DFF2982BD5E0067C3D9 /* HomeCollectionViewCell.xib in Resources */ = {isa = PBXBuildFile; fileRef = 7FF74DFD2982BD5E0067C3D9 /* HomeCollectionViewCell.xib */; };
		7FF74E01298591360067C3D9 /* QuizData.swift in Sources */ = {isa = PBXBuildFile; fileRef = 7FF74E00298591360067C3D9 /* QuizData.swift */; };
		7FF74E03298594810067C3D9 /* CategoryData.swift in Sources */ = {isa = PBXBuildFile; fileRef = 7FF74E02298594810067C3D9 /* CategoryData.swift */; };
		7FF74E06298596390067C3D9 /* CategoryManager.swift in Sources */ = {isa = PBXBuildFile; fileRef = 7FF74E05298596390067C3D9 /* CategoryManager.swift */; };
		7FF74E0A298598600067C3D9 /* Route.swift in Sources */ = {isa = PBXBuildFile; fileRef = 7FF74E09298598600067C3D9 /* Route.swift */; };
		C3042A0C29A4083C009471DD /* ForgotPasswordViewController.swift in Sources */ = {isa = PBXBuildFile; fileRef = C3042A0B29A4083C009471DD /* ForgotPasswordViewController.swift */; };
		C31036CE297AC4C5006EBBF3 /* UIView+Extension.swift in Sources */ = {isa = PBXBuildFile; fileRef = C31036CD297AC4C5006EBBF3 /* UIView+Extension.swift */; };
		C31036D1297AC5CB006EBBF3 /* OnboardingSlide.swift in Sources */ = {isa = PBXBuildFile; fileRef = C31036D0297AC5CB006EBBF3 /* OnboardingSlide.swift */; };
		C31036D3297AC6C6006EBBF3 /* OnboardingCollectionViewCell.swift in Sources */ = {isa = PBXBuildFile; fileRef = C31036D2297AC6C6006EBBF3 /* OnboardingCollectionViewCell.swift */; };
		C32A81F0298A9861004AD5B0 /* Url+Extension.swift in Sources */ = {isa = PBXBuildFile; fileRef = C32A81EF298A9861004AD5B0 /* Url+Extension.swift */; };
		C32A81F2298CFBA3004AD5B0 /* GameCollectionViewCell.swift in Sources */ = {isa = PBXBuildFile; fileRef = C32A81F1298CFBA3004AD5B0 /* GameCollectionViewCell.swift */; };
		C3733E3329AE51E700F7DFC2 /* DeleteAccountViewController.swift in Sources */ = {isa = PBXBuildFile; fileRef = C3733E3229AE51E700F7DFC2 /* DeleteAccountViewController.swift */; };
		C3733E3629AE54F100F7DFC2 /* PolicyViewController.swift in Sources */ = {isa = PBXBuildFile; fileRef = C3733E3529AE54F100F7DFC2 /* PolicyViewController.swift */; };
		C3916D57297C61FB002E1760 /* TabbarViewController.swift in Sources */ = {isa = PBXBuildFile; fileRef = C3916D56297C61FB002E1760 /* TabbarViewController.swift */; };
		C3BEDE532987EC7400D4D2BF /* LaunchViewController.swift in Sources */ = {isa = PBXBuildFile; fileRef = C3BEDE522987EC7400D4D2BF /* LaunchViewController.swift */; };
		C3BEDE552987F86F00D4D2BF /* triviaw.json in Resources */ = {isa = PBXBuildFile; fileRef = C3BEDE542987F86F00D4D2BF /* triviaw.json */; };
		C3EDC68C298104E200D18DBC /* LoginVC.swift in Sources */ = {isa = PBXBuildFile; fileRef = C3EDC68B298104E200D18DBC /* LoginVC.swift */; };
/* End PBXBuildFile section */

/* Begin PBXFileReference section */
		698208958E628852CB7E910E /* Pods_QuizUp_Battle.framework */ = {isa = PBXFileReference; explicitFileType = wrapper.framework; includeInIndex = 0; path = Pods_QuizUp_Battle.framework; sourceTree = BUILT_PRODUCTS_DIR; };
		7F016C1F29AD546200263600 /* Secrets.swift */ = {isa = PBXFileReference; lastKnownFileType = sourcecode.swift; path = Secrets.swift; sourceTree = "<group>"; };
		7F016C2129AD56D300263600 /* Config.xcconfig */ = {isa = PBXFileReference; lastKnownFileType = text.xcconfig; path = Config.xcconfig; sourceTree = "<group>"; };
		7F19EB4A29A63111000AD362 /* Progressbar.swift */ = {isa = PBXFileReference; fileEncoding = 4; lastKnownFileType = sourcecode.swift; path = Progressbar.swift; sourceTree = "<group>"; };
		7F347B5429957CDF001D4B35 /* ResultGameViewController.swift */ = {isa = PBXFileReference; lastKnownFileType = sourcecode.swift; path = ResultGameViewController.swift; sourceTree = "<group>"; };
		7F347B5F29982653001D4B35 /* cup.json */ = {isa = PBXFileReference; fileEncoding = 4; lastKnownFileType = text.json; path = cup.json; sourceTree = "<group>"; };
		7F48B24929AF4A78001BED58 /* GoogleService-Info.plist */ = {isa = PBXFileReference; fileEncoding = 4; lastKnownFileType = text.plist.xml; path = "GoogleService-Info.plist"; sourceTree = "<group>"; };
		7F70ECE7297AAB140044984C /* QuizUp Battle.app */ = {isa = PBXFileReference; explicitFileType = wrapper.application; includeInIndex = 0; path = "QuizUp Battle.app"; sourceTree = BUILT_PRODUCTS_DIR; };
		7F70ECEA297AAB140044984C /* AppDelegate.swift */ = {isa = PBXFileReference; lastKnownFileType = sourcecode.swift; path = AppDelegate.swift; sourceTree = "<group>"; };
		7F70ECEC297AAB140044984C /* SceneDelegate.swift */ = {isa = PBXFileReference; lastKnownFileType = sourcecode.swift; path = SceneDelegate.swift; sourceTree = "<group>"; };
		7F70ECEE297AAB140044984C /* OnboardingViewController.swift */ = {isa = PBXFileReference; lastKnownFileType = sourcecode.swift; path = OnboardingViewController.swift; sourceTree = "<group>"; };
		7F70ECF1297AAB140044984C /* Base */ = {isa = PBXFileReference; lastKnownFileType = file.storyboard; name = Base; path = Base.lproj/Main.storyboard; sourceTree = "<group>"; };
		7F70ECF3297AAB160044984C /* Assets.xcassets */ = {isa = PBXFileReference; lastKnownFileType = folder.assetcatalog; path = Assets.xcassets; sourceTree = "<group>"; };
		7F70ECF6297AAB160044984C /* Base */ = {isa = PBXFileReference; lastKnownFileType = file.storyboard; name = Base; path = Base.lproj/LaunchScreen.storyboard; sourceTree = "<group>"; };
		7F70ECF8297AAB160044984C /* Info.plist */ = {isa = PBXFileReference; lastKnownFileType = text.plist.xml; path = Info.plist; sourceTree = "<group>"; };
		7F70ECFF297AB27B0044984C /* Nunito-VariableFont_wght.ttf */ = {isa = PBXFileReference; lastKnownFileType = file; path = "Nunito-VariableFont_wght.ttf"; sourceTree = "<group>"; };
		7F70ED01297AB27B0044984C /* Nunito-Medium.ttf */ = {isa = PBXFileReference; lastKnownFileType = file; path = "Nunito-Medium.ttf"; sourceTree = "<group>"; };
		7F70ED02297AB27B0044984C /* Nunito-ExtraBoldItalic.ttf */ = {isa = PBXFileReference; lastKnownFileType = file; path = "Nunito-ExtraBoldItalic.ttf"; sourceTree = "<group>"; };
		7F70ED03297AB27B0044984C /* Nunito-ExtraBold.ttf */ = {isa = PBXFileReference; lastKnownFileType = file; path = "Nunito-ExtraBold.ttf"; sourceTree = "<group>"; };
		7F70ED04297AB27B0044984C /* Nunito-ExtraLightItalic.ttf */ = {isa = PBXFileReference; lastKnownFileType = file; path = "Nunito-ExtraLightItalic.ttf"; sourceTree = "<group>"; };
		7F70ED05297AB27B0044984C /* Nunito-Light.ttf */ = {isa = PBXFileReference; lastKnownFileType = file; path = "Nunito-Light.ttf"; sourceTree = "<group>"; };
		7F70ED06297AB27B0044984C /* Nunito-Regular.ttf */ = {isa = PBXFileReference; lastKnownFileType = file; path = "Nunito-Regular.ttf"; sourceTree = "<group>"; };
		7F70ED07297AB27B0044984C /* Nunito-SemiBold.ttf */ = {isa = PBXFileReference; lastKnownFileType = file; path = "Nunito-SemiBold.ttf"; sourceTree = "<group>"; };
		7F70ED08297AB27B0044984C /* Nunito-Bold.ttf */ = {isa = PBXFileReference; lastKnownFileType = file; path = "Nunito-Bold.ttf"; sourceTree = "<group>"; };
		7F70ED09297AB27B0044984C /* Nunito-BoldItalic.ttf */ = {isa = PBXFileReference; lastKnownFileType = file; path = "Nunito-BoldItalic.ttf"; sourceTree = "<group>"; };
		7F70ED0A297AB27B0044984C /* Nunito-Black.ttf */ = {isa = PBXFileReference; lastKnownFileType = file; path = "Nunito-Black.ttf"; sourceTree = "<group>"; };
		7F70ED0B297AB27B0044984C /* Nunito-ExtraLight.ttf */ = {isa = PBXFileReference; lastKnownFileType = file; path = "Nunito-ExtraLight.ttf"; sourceTree = "<group>"; };
		7F70ED0C297AB27B0044984C /* Nunito-SemiBoldItalic.ttf */ = {isa = PBXFileReference; lastKnownFileType = file; path = "Nunito-SemiBoldItalic.ttf"; sourceTree = "<group>"; };
		7F70ED0D297AB27B0044984C /* Nunito-BlackItalic.ttf */ = {isa = PBXFileReference; lastKnownFileType = file; path = "Nunito-BlackItalic.ttf"; sourceTree = "<group>"; };
		7F70ED0E297AB27B0044984C /* Nunito-Italic.ttf */ = {isa = PBXFileReference; lastKnownFileType = file; path = "Nunito-Italic.ttf"; sourceTree = "<group>"; };
		7F70ED0F297AB27B0044984C /* Nunito-LightItalic.ttf */ = {isa = PBXFileReference; lastKnownFileType = file; path = "Nunito-LightItalic.ttf"; sourceTree = "<group>"; };
		7F70ED10297AB27B0044984C /* Nunito-MediumItalic.ttf */ = {isa = PBXFileReference; lastKnownFileType = file; path = "Nunito-MediumItalic.ttf"; sourceTree = "<group>"; };
		7F70ED11297AB27B0044984C /* OFL.txt */ = {isa = PBXFileReference; fileEncoding = 4; lastKnownFileType = text; path = OFL.txt; sourceTree = "<group>"; };
		7F70ED12297AB27B0044984C /* Nunito-Italic-VariableFont_wght.ttf */ = {isa = PBXFileReference; lastKnownFileType = file; path = "Nunito-Italic-VariableFont_wght.ttf"; sourceTree = "<group>"; };
		7F70ED13297AB27B0044984C /* README.txt */ = {isa = PBXFileReference; fileEncoding = 4; lastKnownFileType = text; path = README.txt; sourceTree = "<group>"; };
		7F70ED2A297C78290044984C /* SignUpViewController.swift */ = {isa = PBXFileReference; lastKnownFileType = sourcecode.swift; path = SignUpViewController.swift; sourceTree = "<group>"; };
		7F84FA8C299CF85F00827DC3 /* RankingsTableViewCell.swift */ = {isa = PBXFileReference; lastKnownFileType = sourcecode.swift; path = RankingsTableViewCell.swift; sourceTree = "<group>"; };
		7F84FA8E299CFD1F00827DC3 /* Rankings.swift */ = {isa = PBXFileReference; lastKnownFileType = sourcecode.swift; path = Rankings.swift; sourceTree = "<group>"; };
		7FE0C9D029885C9500EBB913 /* SettingsViewController.swift */ = {isa = PBXFileReference; lastKnownFileType = sourcecode.swift; path = SettingsViewController.swift; sourceTree = "<group>"; };
		7FE0C9D229885D4D00EBB913 /* String+Extension.swift */ = {isa = PBXFileReference; lastKnownFileType = sourcecode.swift; path = "String+Extension.swift"; sourceTree = "<group>"; };
		7FE0C9D42988712200EBB913 /* SettingsManager.swift */ = {isa = PBXFileReference; lastKnownFileType = sourcecode.swift; path = SettingsManager.swift; sourceTree = "<group>"; };
		7FE0C9D7298930F600EBB913 /* GameViewController.swift */ = {isa = PBXFileReference; lastKnownFileType = sourcecode.swift; path = GameViewController.swift; sourceTree = "<group>"; };
		7FF74DEC2982AE7F0067C3D9 /* RankingsViewController.swift */ = {isa = PBXFileReference; lastKnownFileType = sourcecode.swift; path = RankingsViewController.swift; sourceTree = "<group>"; };
		7FF74DEF2982AE910067C3D9 /* ProfileViewController.swift */ = {isa = PBXFileReference; lastKnownFileType = sourcecode.swift; path = ProfileViewController.swift; sourceTree = "<group>"; };
		7FF74DF92982BC450067C3D9 /* HomeViewController.swift */ = {isa = PBXFileReference; lastKnownFileType = sourcecode.swift; path = HomeViewController.swift; sourceTree = "<group>"; };
		7FF74DFC2982BD5E0067C3D9 /* HomeCollectionViewCell.swift */ = {isa = PBXFileReference; lastKnownFileType = sourcecode.swift; path = HomeCollectionViewCell.swift; sourceTree = "<group>"; };
		7FF74DFD2982BD5E0067C3D9 /* HomeCollectionViewCell.xib */ = {isa = PBXFileReference; lastKnownFileType = file.xib; path = HomeCollectionViewCell.xib; sourceTree = "<group>"; };
		7FF74E00298591360067C3D9 /* QuizData.swift */ = {isa = PBXFileReference; lastKnownFileType = sourcecode.swift; path = QuizData.swift; sourceTree = "<group>"; };
		7FF74E02298594810067C3D9 /* CategoryData.swift */ = {isa = PBXFileReference; lastKnownFileType = sourcecode.swift; path = CategoryData.swift; sourceTree = "<group>"; };
		7FF74E05298596390067C3D9 /* CategoryManager.swift */ = {isa = PBXFileReference; lastKnownFileType = sourcecode.swift; path = CategoryManager.swift; sourceTree = "<group>"; };
		7FF74E09298598600067C3D9 /* Route.swift */ = {isa = PBXFileReference; lastKnownFileType = sourcecode.swift; path = Route.swift; sourceTree = "<group>"; };
		829263A92AAC6B63C242ACAC /* Pods-QuizUp Battle.release.xcconfig */ = {isa = PBXFileReference; includeInIndex = 1; lastKnownFileType = text.xcconfig; name = "Pods-QuizUp Battle.release.xcconfig"; path = "Target Support Files/Pods-QuizUp Battle/Pods-QuizUp Battle.release.xcconfig"; sourceTree = "<group>"; };
		98164C229831F220398D3A89 /* Pods-QuizUp Battle.debug.xcconfig */ = {isa = PBXFileReference; includeInIndex = 1; lastKnownFileType = text.xcconfig; name = "Pods-QuizUp Battle.debug.xcconfig"; path = "Target Support Files/Pods-QuizUp Battle/Pods-QuizUp Battle.debug.xcconfig"; sourceTree = "<group>"; };
		C3042A0B29A4083C009471DD /* ForgotPasswordViewController.swift */ = {isa = PBXFileReference; lastKnownFileType = sourcecode.swift; path = ForgotPasswordViewController.swift; sourceTree = "<group>"; };
		C31036CD297AC4C5006EBBF3 /* UIView+Extension.swift */ = {isa = PBXFileReference; lastKnownFileType = sourcecode.swift; path = "UIView+Extension.swift"; sourceTree = "<group>"; };
		C31036D0297AC5CB006EBBF3 /* OnboardingSlide.swift */ = {isa = PBXFileReference; lastKnownFileType = sourcecode.swift; path = OnboardingSlide.swift; sourceTree = "<group>"; };
		C31036D2297AC6C6006EBBF3 /* OnboardingCollectionViewCell.swift */ = {isa = PBXFileReference; lastKnownFileType = sourcecode.swift; path = OnboardingCollectionViewCell.swift; sourceTree = "<group>"; };
		C3287786299987D100B8710F /* TODOS.md */ = {isa = PBXFileReference; lastKnownFileType = net.daringfireball.markdown; path = TODOS.md; sourceTree = "<group>"; };
		C32A81EF298A9861004AD5B0 /* Url+Extension.swift */ = {isa = PBXFileReference; lastKnownFileType = sourcecode.swift; path = "Url+Extension.swift"; sourceTree = "<group>"; };
		C32A81F1298CFBA3004AD5B0 /* GameCollectionViewCell.swift */ = {isa = PBXFileReference; lastKnownFileType = sourcecode.swift; path = GameCollectionViewCell.swift; sourceTree = "<group>"; };
		C3733E3229AE51E700F7DFC2 /* DeleteAccountViewController.swift */ = {isa = PBXFileReference; lastKnownFileType = sourcecode.swift; path = DeleteAccountViewController.swift; sourceTree = "<group>"; };
		C3733E3529AE54F100F7DFC2 /* PolicyViewController.swift */ = {isa = PBXFileReference; lastKnownFileType = sourcecode.swift; path = PolicyViewController.swift; sourceTree = "<group>"; };
		C3916D56297C61FB002E1760 /* TabbarViewController.swift */ = {isa = PBXFileReference; lastKnownFileType = sourcecode.swift; path = TabbarViewController.swift; sourceTree = "<group>"; };
		C3BEDE522987EC7400D4D2BF /* LaunchViewController.swift */ = {isa = PBXFileReference; lastKnownFileType = sourcecode.swift; path = LaunchViewController.swift; sourceTree = "<group>"; };
		C3BEDE542987F86F00D4D2BF /* triviaw.json */ = {isa = PBXFileReference; fileEncoding = 4; lastKnownFileType = text.json; path = triviaw.json; sourceTree = "<group>"; };
		C3EDC68B298104E200D18DBC /* LoginVC.swift */ = {isa = PBXFileReference; lastKnownFileType = sourcecode.swift; path = LoginVC.swift; sourceTree = "<group>"; };
/* End PBXFileReference section */

/* Begin PBXFrameworksBuildPhase section */
		7F70ECE4297AAB140044984C /* Frameworks */ = {
			isa = PBXFrameworksBuildPhase;
			buildActionMask = 2147483647;
			files = (
				09CF46E81B26D78A5193C648 /* Pods_QuizUp_Battle.framework in Frameworks */,
			);
			runOnlyForDeploymentPostprocessing = 0;
		};
/* End PBXFrameworksBuildPhase section */

/* Begin PBXGroup section */
		6A0175D8358EA63FD9B2B44D /* Frameworks */ = {
			isa = PBXGroup;
			children = (
				698208958E628852CB7E910E /* Pods_QuizUp_Battle.framework */,
			);
			name = Frameworks;
			sourceTree = "<group>";
		};
		7F016C1E29AD542900263600 /* Secrets */ = {
			isa = PBXGroup;
			children = (
				7F016C1F29AD546200263600 /* Secrets.swift */,
				7F016C2129AD56D300263600 /* Config.xcconfig */,
			);
			path = Secrets;
			sourceTree = "<group>";
		};
		7F07396F29884DE100C183C9 /* Launch */ = {
			isa = PBXGroup;
			children = (
				C3BEDE522987EC7400D4D2BF /* LaunchViewController.swift */,
			);
			path = Launch;
			sourceTree = "<group>";
		};
		7F07397029884DF700C183C9 /* Assets */ = {
			isa = PBXGroup;
			children = (
				C3BEDE542987F86F00D4D2BF /* triviaw.json */,
				7F347B5F29982653001D4B35 /* cup.json */,
			);
			path = Assets;
			sourceTree = "<group>";
		};
		7F073971298858DD00C183C9 /* Settings */ = {
			isa = PBXGroup;
			children = (
				7FE0C9D029885C9500EBB913 /* SettingsViewController.swift */,
			);
			path = Settings;
			sourceTree = "<group>";
		};
		7F284D43297F18C2001A6F30 /* Support */ = {
			isa = PBXGroup;
			children = (
				7F19EB4A29A63111000AD362 /* Progressbar.swift */,
				7F70ECEA297AAB140044984C /* AppDelegate.swift */,
				7F70ECEC297AAB140044984C /* SceneDelegate.swift */,
				7F70ECF5297AAB160044984C /* LaunchScreen.storyboard */,
				7F70ECF3297AAB160044984C /* Assets.xcassets */,
			);
			path = Support;
			sourceTree = "<group>";
		};
		7F284D44297F18D8001A6F30 /* Tabbar */ = {
			isa = PBXGroup;
			children = (
				C3916D56297C61FB002E1760 /* TabbarViewController.swift */,
			);
			path = Tabbar;
			sourceTree = "<group>";
		};
		7F284D45297F1C37001A6F30 /* Home */ = {
			isa = PBXGroup;
			children = (
				7FF74DFB2982BD450067C3D9 /* HomeCell */,
				7FF74DF92982BC450067C3D9 /* HomeViewController.swift */,
			);
			path = Home;
			sourceTree = "<group>";
		};
		7F347B5329957CC5001D4B35 /* ResultGame */ = {
			isa = PBXGroup;
			children = (
				7F347B5429957CDF001D4B35 /* ResultGameViewController.swift */,
			);
			path = ResultGame;
			sourceTree = "<group>";
		};
		7F70ECDE297AAB140044984C = {
			isa = PBXGroup;
			children = (
				7F70ECE9297AAB140044984C /* QuizUp Battle */,
				7F70ECE8297AAB140044984C /* Products */,
				F5A8D319ADAAA587979F96C0 /* Pods */,
				6A0175D8358EA63FD9B2B44D /* Frameworks */,
			);
			sourceTree = "<group>";
		};
		7F70ECE8297AAB140044984C /* Products */ = {
			isa = PBXGroup;
			children = (
				7F70ECE7297AAB140044984C /* QuizUp Battle.app */,
			);
			name = Products;
			sourceTree = "<group>";
		};
		7F70ECE9297AAB140044984C /* QuizUp Battle */ = {
			isa = PBXGroup;
			children = (
				7F016C1E29AD542900263600 /* Secrets */,
				7F07397029884DF700C183C9 /* Assets */,
				7FF74E04298596200067C3D9 /* Managers */,
				C31036CF297AC5BB006EBBF3 /* Models */,
				C31036CC297AC49B006EBBF3 /* Extension */,
				C31036CB297AC2DA006EBBF3 /* Views */,
				7F70ED28297AB2840044984C /* Fonts */,
				7F284D43297F18C2001A6F30 /* Support */,
				7F70ECF0297AAB140044984C /* Main.storyboard */,
				7F48B24929AF4A78001BED58 /* GoogleService-Info.plist */,
				7F70ECF8297AAB160044984C /* Info.plist */,
				C3287786299987D100B8710F /* TODOS.md */,
			);
			path = "QuizUp Battle";
			sourceTree = "<group>";
		};
		7F70ECFE297AB27B0044984C /* Nunito */ = {
			isa = PBXGroup;
			children = (
				7F70ECFF297AB27B0044984C /* Nunito-VariableFont_wght.ttf */,
				7F70ED00297AB27B0044984C /* static */,
				7F70ED11297AB27B0044984C /* OFL.txt */,
				7F70ED12297AB27B0044984C /* Nunito-Italic-VariableFont_wght.ttf */,
				7F70ED13297AB27B0044984C /* README.txt */,
			);
			path = Nunito;
			sourceTree = "<group>";
		};
		7F70ED00297AB27B0044984C /* static */ = {
			isa = PBXGroup;
			children = (
				7F70ED01297AB27B0044984C /* Nunito-Medium.ttf */,
				7F70ED02297AB27B0044984C /* Nunito-ExtraBoldItalic.ttf */,
				7F70ED03297AB27B0044984C /* Nunito-ExtraBold.ttf */,
				7F70ED04297AB27B0044984C /* Nunito-ExtraLightItalic.ttf */,
				7F70ED05297AB27B0044984C /* Nunito-Light.ttf */,
				7F70ED06297AB27B0044984C /* Nunito-Regular.ttf */,
				7F70ED07297AB27B0044984C /* Nunito-SemiBold.ttf */,
				7F70ED08297AB27B0044984C /* Nunito-Bold.ttf */,
				7F70ED09297AB27B0044984C /* Nunito-BoldItalic.ttf */,
				7F70ED0A297AB27B0044984C /* Nunito-Black.ttf */,
				7F70ED0B297AB27B0044984C /* Nunito-ExtraLight.ttf */,
				7F70ED0C297AB27B0044984C /* Nunito-SemiBoldItalic.ttf */,
				7F70ED0D297AB27B0044984C /* Nunito-BlackItalic.ttf */,
				7F70ED0E297AB27B0044984C /* Nunito-Italic.ttf */,
				7F70ED0F297AB27B0044984C /* Nunito-LightItalic.ttf */,
				7F70ED10297AB27B0044984C /* Nunito-MediumItalic.ttf */,
			);
			path = static;
			sourceTree = "<group>";
		};
		7F70ED28297AB2840044984C /* Fonts */ = {
			isa = PBXGroup;
			children = (
				7F70ECFE297AB27B0044984C /* Nunito */,
			);
			path = Fonts;
			sourceTree = "<group>";
		};
		7F7C486329817DBE004A32EC /* Login */ = {
			isa = PBXGroup;
			children = (
				C3EDC68B298104E200D18DBC /* LoginVC.swift */,
			);
			path = Login;
			sourceTree = "<group>";
		};
		7FE0C9D6298930DA00EBB913 /* Game */ = {
			isa = PBXGroup;
			children = (
				7FE0C9D7298930F600EBB913 /* GameViewController.swift */,
				C32A81F1298CFBA3004AD5B0 /* GameCollectionViewCell.swift */,
			);
			path = Game;
			sourceTree = "<group>";
		};
		7FF74DEB2982AE4D0067C3D9 /* Rankings */ = {
			isa = PBXGroup;
			children = (
				7FF74DEC2982AE7F0067C3D9 /* RankingsViewController.swift */,
				7F84FA8C299CF85F00827DC3 /* RankingsTableViewCell.swift */,
			);
			path = Rankings;
			sourceTree = "<group>";
		};
		7FF74DEE2982AE850067C3D9 /* Profile */ = {
			isa = PBXGroup;
			children = (
				7FF74DEF2982AE910067C3D9 /* ProfileViewController.swift */,
			);
			path = Profile;
			sourceTree = "<group>";
		};
		7FF74DFB2982BD450067C3D9 /* HomeCell */ = {
			isa = PBXGroup;
			children = (
				7FF74DFC2982BD5E0067C3D9 /* HomeCollectionViewCell.swift */,
				7FF74DFD2982BD5E0067C3D9 /* HomeCollectionViewCell.xib */,
			);
			path = HomeCell;
			sourceTree = "<group>";
		};
		7FF74E04298596200067C3D9 /* Managers */ = {
			isa = PBXGroup;
			children = (
				7FF74E05298596390067C3D9 /* CategoryManager.swift */,
				7FE0C9D42988712200EBB913 /* SettingsManager.swift */,
			);
			path = Managers;
			sourceTree = "<group>";
		};
		C3042A0D29A40F26009471DD /* ForgotPassword */ = {
			isa = PBXGroup;
			children = (
				C3042A0B29A4083C009471DD /* ForgotPasswordViewController.swift */,
			);
			path = ForgotPassword;
			sourceTree = "<group>";
		};
		C31036CB297AC2DA006EBBF3 /* Views */ = {
			isa = PBXGroup;
			children = (
				C3733E3429AE540C00F7DFC2 /* DeleteAccount */,
				C3042A0D29A40F26009471DD /* ForgotPassword */,
				7F347B5329957CC5001D4B35 /* ResultGame */,
				7FE0C9D6298930DA00EBB913 /* Game */,
				7F073971298858DD00C183C9 /* Settings */,
				7F07396F29884DE100C183C9 /* Launch */,
				7FF74DEE2982AE850067C3D9 /* Profile */,
				7FF74DEB2982AE4D0067C3D9 /* Rankings */,
				7F284D45297F1C37001A6F30 /* Home */,
				7F284D44297F18D8001A6F30 /* Tabbar */,
				7F7C486329817DBE004A32EC /* Login */,
				C3116686297ECAAB007CEF01 /* SignUp */,
				C3CFEAB0297AE5A3003D97D1 /* Onboarding */,
			);
			path = Views;
			sourceTree = "<group>";
		};
		C31036CC297AC49B006EBBF3 /* Extension */ = {
			isa = PBXGroup;
			children = (
				C31036CD297AC4C5006EBBF3 /* UIView+Extension.swift */,
				7FE0C9D229885D4D00EBB913 /* String+Extension.swift */,
				C32A81EF298A9861004AD5B0 /* Url+Extension.swift */,
			);
			path = Extension;
			sourceTree = "<group>";
		};
		C31036CF297AC5BB006EBBF3 /* Models */ = {
			isa = PBXGroup;
			children = (
				C31036D0297AC5CB006EBBF3 /* OnboardingSlide.swift */,
				7FF74E00298591360067C3D9 /* QuizData.swift */,
				7FF74E02298594810067C3D9 /* CategoryData.swift */,
				7FF74E09298598600067C3D9 /* Route.swift */,
				7F84FA8E299CFD1F00827DC3 /* Rankings.swift */,
			);
			path = Models;
			sourceTree = "<group>";
		};
		C3116686297ECAAB007CEF01 /* SignUp */ = {
			isa = PBXGroup;
			children = (
				7F70ED2A297C78290044984C /* SignUpViewController.swift */,
				C3733E3529AE54F100F7DFC2 /* PolicyViewController.swift */,
			);
			path = SignUp;
			sourceTree = "<group>";
		};
		C3733E3429AE540C00F7DFC2 /* DeleteAccount */ = {
			isa = PBXGroup;
			children = (
				C3733E3229AE51E700F7DFC2 /* DeleteAccountViewController.swift */,
			);
			path = DeleteAccount;
			sourceTree = "<group>";
		};
		C3CFEAB0297AE5A3003D97D1 /* Onboarding */ = {
			isa = PBXGroup;
			children = (
				7F70ECEE297AAB140044984C /* OnboardingViewController.swift */,
				C31036D2297AC6C6006EBBF3 /* OnboardingCollectionViewCell.swift */,
			);
			path = Onboarding;
			sourceTree = "<group>";
		};
		F5A8D319ADAAA587979F96C0 /* Pods */ = {
			isa = PBXGroup;
			children = (
				98164C229831F220398D3A89 /* Pods-QuizUp Battle.debug.xcconfig */,
				829263A92AAC6B63C242ACAC /* Pods-QuizUp Battle.release.xcconfig */,
			);
			path = Pods;
			sourceTree = "<group>";
		};
/* End PBXGroup section */

/* Begin PBXNativeTarget section */
		7F70ECE6297AAB140044984C /* QuizUp Battle */ = {
			isa = PBXNativeTarget;
			buildConfigurationList = 7F70ECFB297AAB160044984C /* Build configuration list for PBXNativeTarget "QuizUp Battle" */;
			buildPhases = (
				8928B4A38A0A6E63E38F74B1 /* [CP] Check Pods Manifest.lock */,
				7F70ECE3297AAB140044984C /* Sources */,
				7F70ECE4297AAB140044984C /* Frameworks */,
				7F70ECE5297AAB140044984C /* Resources */,
				028289316B76262457871544 /* [CP] Embed Pods Frameworks */,
				7F4083F029BBD03C00C45A4C /* ShellScript */,
			);
			buildRules = (
			);
			dependencies = (
			);
			name = "QuizUp Battle";
			productName = "QuizUp Battle";
			productReference = 7F70ECE7297AAB140044984C /* QuizUp Battle.app */;
			productType = "com.apple.product-type.application";
		};
/* End PBXNativeTarget section */

/* Begin PBXProject section */
		7F70ECDF297AAB140044984C /* Project object */ = {
			isa = PBXProject;
			attributes = {
				BuildIndependentTargetsInParallel = 1;
				LastSwiftUpdateCheck = 1420;
				LastUpgradeCheck = 1420;
				TargetAttributes = {
					7F70ECE6297AAB140044984C = {
						CreatedOnToolsVersion = 14.2;
					};
				};
			};
			buildConfigurationList = 7F70ECE2297AAB140044984C /* Build configuration list for PBXProject "QuizUp Battle" */;
			compatibilityVersion = "Xcode 14.0";
			developmentRegion = en;
			hasScannedForEncodings = 0;
			knownRegions = (
				en,
				Base,
			);
			mainGroup = 7F70ECDE297AAB140044984C;
			productRefGroup = 7F70ECE8297AAB140044984C /* Products */;
			projectDirPath = "";
			projectRoot = "";
			targets = (
				7F70ECE6297AAB140044984C /* QuizUp Battle */,
			);
		};
/* End PBXProject section */

/* Begin PBXResourcesBuildPhase section */
		7F70ECE5297AAB140044984C /* Resources */ = {
			isa = PBXResourcesBuildPhase;
			buildActionMask = 2147483647;
			files = (
				7F70ED25297AB27B0044984C /* OFL.txt in Resources */,
				7F70ED1A297AB27B0044984C /* Nunito-Regular.ttf in Resources */,
				C3BEDE552987F86F00D4D2BF /* triviaw.json in Resources */,
				7F70ED22297AB27B0044984C /* Nunito-Italic.ttf in Resources */,
				7F70ED1E297AB27B0044984C /* Nunito-Black.ttf in Resources */,
				7F347B6029982653001D4B35 /* cup.json in Resources */,
				7F70ED14297AB27B0044984C /* Nunito-VariableFont_wght.ttf in Resources */,
				7F70ECF7297AAB160044984C /* LaunchScreen.storyboard in Resources */,
				7F70ED27297AB27B0044984C /* README.txt in Resources */,
				7F70ED20297AB27B0044984C /* Nunito-SemiBoldItalic.ttf in Resources */,
				7F70ED19297AB27B0044984C /* Nunito-Light.ttf in Resources */,
				7F48B24A29AF4A78001BED58 /* GoogleService-Info.plist in Resources */,
				7F70ECF4297AAB160044984C /* Assets.xcassets in Resources */,
				7F70ED24297AB27B0044984C /* Nunito-MediumItalic.ttf in Resources */,
				7F70ED26297AB27B0044984C /* Nunito-Italic-VariableFont_wght.ttf in Resources */,
				7F70ED1B297AB27B0044984C /* Nunito-SemiBold.ttf in Resources */,
				7F70ED18297AB27B0044984C /* Nunito-ExtraLightItalic.ttf in Resources */,
				7FF74DFF2982BD5E0067C3D9 /* HomeCollectionViewCell.xib in Resources */,
				7F70ECF2297AAB140044984C /* Main.storyboard in Resources */,
				7F70ED1F297AB27B0044984C /* Nunito-ExtraLight.ttf in Resources */,
				7F70ED15297AB27B0044984C /* Nunito-Medium.ttf in Resources */,
				7F70ED21297AB27B0044984C /* Nunito-BlackItalic.ttf in Resources */,
				7F70ED16297AB27B0044984C /* Nunito-ExtraBoldItalic.ttf in Resources */,
				7F70ED1C297AB27B0044984C /* Nunito-Bold.ttf in Resources */,
				7F70ED17297AB27B0044984C /* Nunito-ExtraBold.ttf in Resources */,
				7F70ED23297AB27B0044984C /* Nunito-LightItalic.ttf in Resources */,
				7F70ED1D297AB27B0044984C /* Nunito-BoldItalic.ttf in Resources */,
			);
			runOnlyForDeploymentPostprocessing = 0;
		};
/* End PBXResourcesBuildPhase section */

/* Begin PBXShellScriptBuildPhase section */
		028289316B76262457871544 /* [CP] Embed Pods Frameworks */ = {
			isa = PBXShellScriptBuildPhase;
			buildActionMask = 2147483647;
			files = (
			);
			inputFileListPaths = (
				"${PODS_ROOT}/Target Support Files/Pods-QuizUp Battle/Pods-QuizUp Battle-frameworks-${CONFIGURATION}-input-files.xcfilelist",
			);
			name = "[CP] Embed Pods Frameworks";
			outputFileListPaths = (
				"${PODS_ROOT}/Target Support Files/Pods-QuizUp Battle/Pods-QuizUp Battle-frameworks-${CONFIGURATION}-output-files.xcfilelist",
			);
			runOnlyForDeploymentPostprocessing = 0;
			shellPath = /bin/sh;
			shellScript = "\"${PODS_ROOT}/Target Support Files/Pods-QuizUp Battle/Pods-QuizUp Battle-frameworks.sh\"\n";
			showEnvVarsInLog = 0;
		};
		7F4083F029BBD03C00C45A4C /* ShellScript */ = {
			isa = PBXShellScriptBuildPhase;
			buildActionMask = 2147483647;
			files = (
			);
			inputFileListPaths = (
			);
			inputPaths = (
				"${DWARF_DSYM_FOLDER_PATH}/${DWARF_DSYM_FILE_NAME}/Contents/Resources/DWARF/${TARGET_NAME}",
				"$(SRCROOT)/$(BUILT_PRODUCTS_DIR)/$(INFOPLIST_PATH)",
			);
			outputFileListPaths = (
			);
			outputPaths = (
			);
			runOnlyForDeploymentPostprocessing = 0;
			shellPath = /bin/sh;
			shellScript = "# Type a script or drag a script file from your workspace to insert its path.\n\"${BUILD_DIR%/Build/*}/SourcePackages/checkouts/firebase-ios-sdk/Crashlytics/run\"\n";
		};
		8928B4A38A0A6E63E38F74B1 /* [CP] Check Pods Manifest.lock */ = {
			isa = PBXShellScriptBuildPhase;
			buildActionMask = 2147483647;
			files = (
			);
			inputFileListPaths = (
			);
			inputPaths = (
				"${PODS_PODFILE_DIR_PATH}/Podfile.lock",
				"${PODS_ROOT}/Manifest.lock",
			);
			name = "[CP] Check Pods Manifest.lock";
			outputFileListPaths = (
			);
			outputPaths = (
				"$(DERIVED_FILE_DIR)/Pods-QuizUp Battle-checkManifestLockResult.txt",
			);
			runOnlyForDeploymentPostprocessing = 0;
			shellPath = /bin/sh;
			shellScript = "diff \"${PODS_PODFILE_DIR_PATH}/Podfile.lock\" \"${PODS_ROOT}/Manifest.lock\" > /dev/null\nif [ $? != 0 ] ; then\n    # print error to STDERR\n    echo \"error: The sandbox is not in sync with the Podfile.lock. Run 'pod install' or update your CocoaPods installation.\" >&2\n    exit 1\nfi\n# This output is used by Xcode 'outputs' to avoid re-running this script phase.\necho \"SUCCESS\" > \"${SCRIPT_OUTPUT_FILE_0}\"\n";
			showEnvVarsInLog = 0;
		};
/* End PBXShellScriptBuildPhase section */

/* Begin PBXSourcesBuildPhase section */
		7F70ECE3297AAB140044984C /* Sources */ = {
			isa = PBXSourcesBuildPhase;
			buildActionMask = 2147483647;
			files = (
				7FF74E01298591360067C3D9 /* QuizData.swift in Sources */,
				7F016C2029AD546200263600 /* Secrets.swift in Sources */,
				7FE0C9D329885D4D00EBB913 /* String+Extension.swift in Sources */,
				7FF74E03298594810067C3D9 /* CategoryData.swift in Sources */,
				C3733E3629AE54F100F7DFC2 /* PolicyViewController.swift in Sources */,
				C3733E3329AE51E700F7DFC2 /* DeleteAccountViewController.swift in Sources */,
				C31036D1297AC5CB006EBBF3 /* OnboardingSlide.swift in Sources */,
				7FE0C9D129885C9500EBB913 /* SettingsViewController.swift in Sources */,
				7F70ECEF297AAB140044984C /* OnboardingViewController.swift in Sources */,
				C3916D57297C61FB002E1760 /* TabbarViewController.swift in Sources */,
				7F70ECEB297AAB140044984C /* AppDelegate.swift in Sources */,
				C3EDC68C298104E200D18DBC /* LoginVC.swift in Sources */,
				7F84FA8F299CFD1F00827DC3 /* Rankings.swift in Sources */,
				7F19EB4B29A63112000AD362 /* Progressbar.swift in Sources */,
				7FF74DFE2982BD5E0067C3D9 /* HomeCollectionViewCell.swift in Sources */,
				7FF74E0A298598600067C3D9 /* Route.swift in Sources */,
				C31036CE297AC4C5006EBBF3 /* UIView+Extension.swift in Sources */,
				7F84FA8D299CF85F00827DC3 /* RankingsTableViewCell.swift in Sources */,
				7FF74E06298596390067C3D9 /* CategoryManager.swift in Sources */,
				C3042A0C29A4083C009471DD /* ForgotPasswordViewController.swift in Sources */,
				7FE0C9D8298930F600EBB913 /* GameViewController.swift in Sources */,
				7F70ED2B297C78290044984C /* SignUpViewController.swift in Sources */,
				C3BEDE532987EC7400D4D2BF /* LaunchViewController.swift in Sources */,
				C32A81F0298A9861004AD5B0 /* Url+Extension.swift in Sources */,
				7F70ECED297AAB140044984C /* SceneDelegate.swift in Sources */,
				C31036D3297AC6C6006EBBF3 /* OnboardingCollectionViewCell.swift in Sources */,
				7FF74DF02982AE910067C3D9 /* ProfileViewController.swift in Sources */,
				7F347B5529957CDF001D4B35 /* ResultGameViewController.swift in Sources */,
				C32A81F2298CFBA3004AD5B0 /* GameCollectionViewCell.swift in Sources */,
				7FF74DED2982AE7F0067C3D9 /* RankingsViewController.swift in Sources */,
				7FE0C9D52988712200EBB913 /* SettingsManager.swift in Sources */,
				7FF74DFA2982BC450067C3D9 /* HomeViewController.swift in Sources */,
			);
			runOnlyForDeploymentPostprocessing = 0;
		};
/* End PBXSourcesBuildPhase section */

/* Begin PBXVariantGroup section */
		7F70ECF0297AAB140044984C /* Main.storyboard */ = {
			isa = PBXVariantGroup;
			children = (
				7F70ECF1297AAB140044984C /* Base */,
			);
			name = Main.storyboard;
			sourceTree = "<group>";
		};
		7F70ECF5297AAB160044984C /* LaunchScreen.storyboard */ = {
			isa = PBXVariantGroup;
			children = (
				7F70ECF6297AAB160044984C /* Base */,
			);
			name = LaunchScreen.storyboard;
			sourceTree = "<group>";
		};
/* End PBXVariantGroup section */

/* Begin XCBuildConfiguration section */
		7F70ECF9297AAB160044984C /* Debug */ = {
			isa = XCBuildConfiguration;
			baseConfigurationReference = 7F016C2129AD56D300263600 /* Config.xcconfig */;
			buildSettings = {
				ALWAYS_SEARCH_USER_PATHS = NO;
				CLANG_ANALYZER_NONNULL = YES;
				CLANG_ANALYZER_NUMBER_OBJECT_CONVERSION = YES_AGGRESSIVE;
				CLANG_CXX_LANGUAGE_STANDARD = "gnu++20";
				CLANG_ENABLE_MODULES = YES;
				CLANG_ENABLE_OBJC_ARC = YES;
				CLANG_ENABLE_OBJC_WEAK = YES;
				CLANG_WARN_BLOCK_CAPTURE_AUTORELEASING = YES;
				CLANG_WARN_BOOL_CONVERSION = YES;
				CLANG_WARN_COMMA = YES;
				CLANG_WARN_CONSTANT_CONVERSION = YES;
				CLANG_WARN_DEPRECATED_OBJC_IMPLEMENTATIONS = YES;
				CLANG_WARN_DIRECT_OBJC_ISA_USAGE = YES_ERROR;
				CLANG_WARN_DOCUMENTATION_COMMENTS = YES;
				CLANG_WARN_EMPTY_BODY = YES;
				CLANG_WARN_ENUM_CONVERSION = YES;
				CLANG_WARN_INFINITE_RECURSION = YES;
				CLANG_WARN_INT_CONVERSION = YES;
				CLANG_WARN_NON_LITERAL_NULL_CONVERSION = YES;
				CLANG_WARN_OBJC_IMPLICIT_RETAIN_SELF = YES;
				CLANG_WARN_OBJC_LITERAL_CONVERSION = YES;
				CLANG_WARN_OBJC_ROOT_CLASS = YES_ERROR;
				CLANG_WARN_QUOTED_INCLUDE_IN_FRAMEWORK_HEADER = YES;
				CLANG_WARN_RANGE_LOOP_ANALYSIS = YES;
				CLANG_WARN_STRICT_PROTOTYPES = YES;
				CLANG_WARN_SUSPICIOUS_MOVE = YES;
				CLANG_WARN_UNGUARDED_AVAILABILITY = YES_AGGRESSIVE;
				CLANG_WARN_UNREACHABLE_CODE = YES;
				CLANG_WARN__DUPLICATE_METHOD_MATCH = YES;
				COPY_PHASE_STRIP = NO;
				DEBUG_INFORMATION_FORMAT = dwarf;
				ENABLE_STRICT_OBJC_MSGSEND = YES;
				ENABLE_TESTABILITY = YES;
				GCC_C_LANGUAGE_STANDARD = gnu11;
				GCC_DYNAMIC_NO_PIC = NO;
				GCC_NO_COMMON_BLOCKS = YES;
				GCC_OPTIMIZATION_LEVEL = 0;
				GCC_PREPROCESSOR_DEFINITIONS = (
					"DEBUG=1",
					"$(inherited)",
				);
				GCC_WARN_64_TO_32_BIT_CONVERSION = YES;
				GCC_WARN_ABOUT_RETURN_TYPE = YES_ERROR;
				GCC_WARN_UNDECLARED_SELECTOR = YES;
				GCC_WARN_UNINITIALIZED_AUTOS = YES_AGGRESSIVE;
				GCC_WARN_UNUSED_FUNCTION = YES;
				GCC_WARN_UNUSED_VARIABLE = YES;
				IPHONEOS_DEPLOYMENT_TARGET = 15.0;
				MTL_ENABLE_DEBUG_INFO = INCLUDE_SOURCE;
				MTL_FAST_MATH = YES;
				ONLY_ACTIVE_ARCH = YES;
				SDKROOT = iphoneos;
				SWIFT_ACTIVE_COMPILATION_CONDITIONS = DEBUG;
				SWIFT_OPTIMIZATION_LEVEL = "-Onone";
			};
			name = Debug;
		};
		7F70ECFA297AAB160044984C /* Release */ = {
			isa = XCBuildConfiguration;
			baseConfigurationReference = 7F016C2129AD56D300263600 /* Config.xcconfig */;
			buildSettings = {
				ALWAYS_SEARCH_USER_PATHS = NO;
				CLANG_ANALYZER_NONNULL = YES;
				CLANG_ANALYZER_NUMBER_OBJECT_CONVERSION = YES_AGGRESSIVE;
				CLANG_CXX_LANGUAGE_STANDARD = "gnu++20";
				CLANG_ENABLE_MODULES = YES;
				CLANG_ENABLE_OBJC_ARC = YES;
				CLANG_ENABLE_OBJC_WEAK = YES;
				CLANG_WARN_BLOCK_CAPTURE_AUTORELEASING = YES;
				CLANG_WARN_BOOL_CONVERSION = YES;
				CLANG_WARN_COMMA = YES;
				CLANG_WARN_CONSTANT_CONVERSION = YES;
				CLANG_WARN_DEPRECATED_OBJC_IMPLEMENTATIONS = YES;
				CLANG_WARN_DIRECT_OBJC_ISA_USAGE = YES_ERROR;
				CLANG_WARN_DOCUMENTATION_COMMENTS = YES;
				CLANG_WARN_EMPTY_BODY = YES;
				CLANG_WARN_ENUM_CONVERSION = YES;
				CLANG_WARN_INFINITE_RECURSION = YES;
				CLANG_WARN_INT_CONVERSION = YES;
				CLANG_WARN_NON_LITERAL_NULL_CONVERSION = YES;
				CLANG_WARN_OBJC_IMPLICIT_RETAIN_SELF = YES;
				CLANG_WARN_OBJC_LITERAL_CONVERSION = YES;
				CLANG_WARN_OBJC_ROOT_CLASS = YES_ERROR;
				CLANG_WARN_QUOTED_INCLUDE_IN_FRAMEWORK_HEADER = YES;
				CLANG_WARN_RANGE_LOOP_ANALYSIS = YES;
				CLANG_WARN_STRICT_PROTOTYPES = YES;
				CLANG_WARN_SUSPICIOUS_MOVE = YES;
				CLANG_WARN_UNGUARDED_AVAILABILITY = YES_AGGRESSIVE;
				CLANG_WARN_UNREACHABLE_CODE = YES;
				CLANG_WARN__DUPLICATE_METHOD_MATCH = YES;
				COPY_PHASE_STRIP = NO;
				DEBUG_INFORMATION_FORMAT = "dwarf-with-dsym";
				ENABLE_NS_ASSERTIONS = NO;
				ENABLE_STRICT_OBJC_MSGSEND = YES;
				GCC_C_LANGUAGE_STANDARD = gnu11;
				GCC_NO_COMMON_BLOCKS = YES;
				GCC_WARN_64_TO_32_BIT_CONVERSION = YES;
				GCC_WARN_ABOUT_RETURN_TYPE = YES_ERROR;
				GCC_WARN_UNDECLARED_SELECTOR = YES;
				GCC_WARN_UNINITIALIZED_AUTOS = YES_AGGRESSIVE;
				GCC_WARN_UNUSED_FUNCTION = YES;
				GCC_WARN_UNUSED_VARIABLE = YES;
				IPHONEOS_DEPLOYMENT_TARGET = 15.0;
				MTL_ENABLE_DEBUG_INFO = NO;
				MTL_FAST_MATH = YES;
				SDKROOT = iphoneos;
				SWIFT_COMPILATION_MODE = wholemodule;
				SWIFT_OPTIMIZATION_LEVEL = "-O";
				VALIDATE_PRODUCT = YES;
			};
			name = Release;
		};
		7F70ECFC297AAB160044984C /* Debug */ = {
			isa = XCBuildConfiguration;
			baseConfigurationReference = 98164C229831F220398D3A89 /* Pods-QuizUp Battle.debug.xcconfig */;
			buildSettings = {
				ASSETCATALOG_COMPILER_APPICON_NAME = AppIcon;
				ASSETCATALOG_COMPILER_GLOBAL_ACCENT_COLOR_NAME = AccentColor;
				CODE_SIGN_STYLE = Automatic;
				CURRENT_PROJECT_VERSION = 1;
				DEBUG_INFORMATION_FORMAT = "dwarf-with-dsym";
				DEVELOPMENT_TEAM = T8DT652963;
				GENERATE_INFOPLIST_FILE = YES;
				INFOPLIST_FILE = "QuizUp Battle/Info.plist";
				INFOPLIST_KEY_CFBundleDisplayName = "QuizUp Battle";
				INFOPLIST_KEY_LSApplicationCategoryType = "public.app-category.trivia-games";
				INFOPLIST_KEY_UIApplicationSupportsIndirectInputEvents = YES;
				INFOPLIST_KEY_UILaunchStoryboardName = LaunchScreen;
				INFOPLIST_KEY_UIMainStoryboardFile = Main;
				INFOPLIST_KEY_UISupportedInterfaceOrientations = UIInterfaceOrientationPortrait;
				IPHONEOS_DEPLOYMENT_TARGET = 15.0;
				LD_RUNPATH_SEARCH_PATHS = (
					"$(inherited)",
					"@executable_path/Frameworks",
				);
				MARKETING_VERSION = 1.0;
				PRODUCT_BUNDLE_IDENTIFIER = "com.yigitozdamar.QuizUp-Battle";
				PRODUCT_NAME = "$(TARGET_NAME)";
				SUPPORTED_PLATFORMS = "iphoneos iphonesimulator";
				SUPPORTS_MACCATALYST = NO;
				SUPPORTS_MAC_DESIGNED_FOR_IPHONE_IPAD = NO;
				SWIFT_EMIT_LOC_STRINGS = YES;
				SWIFT_VERSION = 5.0;
				TARGETED_DEVICE_FAMILY = 1;
			};
			name = Debug;
		};
		7F70ECFD297AAB160044984C /* Release */ = {
			isa = XCBuildConfiguration;
			baseConfigurationReference = 829263A92AAC6B63C242ACAC /* Pods-QuizUp Battle.release.xcconfig */;
			buildSettings = {
				ASSETCATALOG_COMPILER_APPICON_NAME = AppIcon;
				ASSETCATALOG_COMPILER_GLOBAL_ACCENT_COLOR_NAME = AccentColor;
				CODE_SIGN_STYLE = Automatic;
				CURRENT_PROJECT_VERSION = 1;
				DEVELOPMENT_TEAM = T8DT652963;
				GENERATE_INFOPLIST_FILE = YES;
				INFOPLIST_FILE = "QuizUp Battle/Info.plist";
				INFOPLIST_KEY_CFBundleDisplayName = "QuizUp Battle";
				INFOPLIST_KEY_LSApplicationCategoryType = "public.app-category.trivia-games";
				INFOPLIST_KEY_UIApplicationSupportsIndirectInputEvents = YES;
				INFOPLIST_KEY_UILaunchStoryboardName = LaunchScreen;
				INFOPLIST_KEY_UIMainStoryboardFile = Main;
				INFOPLIST_KEY_UISupportedInterfaceOrientations = UIInterfaceOrientationPortrait;
				IPHONEOS_DEPLOYMENT_TARGET = 15.0;
				LD_RUNPATH_SEARCH_PATHS = (
					"$(inherited)",
					"@executable_path/Frameworks",
				);
				MARKETING_VERSION = 1.0;
				PRODUCT_BUNDLE_IDENTIFIER = "com.yigitozdamar.QuizUp-Battle";
				PRODUCT_NAME = "$(TARGET_NAME)";
				SUPPORTED_PLATFORMS = "iphoneos iphonesimulator";
				SUPPORTS_MACCATALYST = NO;
				SUPPORTS_MAC_DESIGNED_FOR_IPHONE_IPAD = NO;
				SWIFT_EMIT_LOC_STRINGS = YES;
				SWIFT_VERSION = 5.0;
				TARGETED_DEVICE_FAMILY = 1;
			};
			name = Release;
		};
/* End XCBuildConfiguration section */

/* Begin XCConfigurationList section */
		7F70ECE2297AAB140044984C /* Build configuration list for PBXProject "QuizUp Battle" */ = {
			isa = XCConfigurationList;
			buildConfigurations = (
				7F70ECF9297AAB160044984C /* Debug */,
				7F70ECFA297AAB160044984C /* Release */,
			);
			defaultConfigurationIsVisible = 0;
			defaultConfigurationName = Release;
		};
		7F70ECFB297AAB160044984C /* Build configuration list for PBXNativeTarget "QuizUp Battle" */ = {
			isa = XCConfigurationList;
			buildConfigurations = (
				7F70ECFC297AAB160044984C /* Debug */,
				7F70ECFD297AAB160044984C /* Release */,
			);
			defaultConfigurationIsVisible = 0;
			defaultConfigurationName = Release;
		};
/* End XCConfigurationList section */
	};
	rootObject = 7F70ECDF297AAB140044984C /* Project object */;
}
