// !$*UTF8*$!
{
	archiveVersion = 1;
	classes = {
	};
	objectVersion = 56;
	objects = {

/* Begin PBXBuildFile section */
		7F70ECEB297AAB140044984C /* AppDelegate.swift in Sources */ = {isa = PBXBuildFile; fileRef = 7F70ECEA297AAB140044984C /* AppDelegate.swift */; };
		7F70ECED297AAB140044984C /* SceneDelegate.swift in Sources */ = {isa = PBXBuildFile; fileRef = 7F70ECEC297AAB140044984C /* SceneDelegate.swift */; };
		7F70ECEF297AAB140044984C /* OnboardingViewController.swift in Sources */ = {isa = PBXBuildFile; fileRef = 7F70ECEE297AAB140044984C /* OnboardingViewController.swift */; };
		7F70ECF2297AAB140044984C /* Main.storyboard in Resources */ = {isa = PBXBuildFile; fileRef = 7F70ECF0297AAB140044984C /* Main.storyboard */; };
		7F70ECF4297AAB160044984C /* Assets.xcassets in Resources */ = {isa = PBXBuildFile; fileRef = 7F70ECF3297AAB160044984C /* Assets.xcassets */; };
		7F70ECF7297AAB160044984C /* LaunchScreen.storyboard in Resources */ = {isa = PBXBuildFile; fileRef = 7F70ECF5297AAB160044984C /* LaunchScreen.storyboard */; };
		7F70ED14297AB27B0044984C /* Nunito-VariableFont_wght.ttf in Resources */ = {isa = PBXBuildFile; fileRef = 7F70ECFF297AB27B0044984C /* Nunito-VariableFont_wght.ttf */; };
		7F70ED15297AB27B0044984C /* Nunito-Medium.ttf in Resources */ = {isa = PBXBuildFile; fileRef = 7F70ED01297AB27B0044984C /* Nunito-Medium.ttf */; };
		7F70ED16297AB27B0044984C /* Nunito-ExtraBoldItalic.ttf in Resources */ = {isa = PBXBuildFile; fileRef = 7F70ED02297AB27B0044984C /* Nunito-ExtraBoldItalic.ttf */; };
		7F70ED17297AB27B0044984C /* Nunito-ExtraBold.ttf in Resources */ = {isa = PBXBuildFile; fileRef = 7F70ED03297AB27B0044984C /* Nunito-ExtraBold.ttf */; };
		7F70ED18297AB27B0044984C /* Nunito-ExtraLightItalic.ttf in Resources */ = {isa = PBXBuildFile; fileRef = 7F70ED04297AB27B0044984C /* Nunito-ExtraLightItalic.ttf */; };
		7F70ED19297AB27B0044984C /* Nunito-Light.ttf in Resources */ = {isa = PBXBuildFile; fileRef = 7F70ED05297AB27B0044984C /* Nunito-Light.ttf */; };
		7F70ED1A297AB27B0044984C /* Nunito-Regular.ttf in Resources */ = {isa = PBXBuildFile; fileRef = 7F70ED06297AB27B0044984C /* Nunito-Regular.ttf */; };
		7F70ED1B297AB27B0044984C /* Nunito-SemiBold.ttf in Resources */ = {isa = PBXBuildFile; fileRef = 7F70ED07297AB27B0044984C /* Nunito-SemiBold.ttf */; };
		7F70ED1C297AB27B0044984C /* Nunito-Bold.ttf in Resources */ = {isa = PBXBuildFile; fileRef = 7F70ED08297AB27B0044984C /* Nunito-Bold.ttf */; };
		7F70ED1D297AB27B0044984C /* Nunito-BoldItalic.ttf in Resources */ = {isa = PBXBuildFile; fileRef = 7F70ED09297AB27B0044984C /* Nunito-BoldItalic.ttf */; };
		7F70ED1E297AB27B0044984C /* Nunito-Black.ttf in Resources */ = {isa = PBXBuildFile; fileRef = 7F70ED0A297AB27B0044984C /* Nunito-Black.ttf */; };
		7F70ED1F297AB27B0044984C /* Nunito-ExtraLight.ttf in Resources */ = {isa = PBXBuildFile; fileRef = 7F70ED0B297AB27B0044984C /* Nunito-ExtraLight.ttf */; };
		7F70ED20297AB27B0044984C /* Nunito-SemiBoldItalic.ttf in Resources */ = {isa = PBXBuildFile; fileRef = 7F70ED0C297AB27B0044984C /* Nunito-SemiBoldItalic.ttf */; };
		7F70ED21297AB27B0044984C /* Nunito-BlackItalic.ttf in Resources */ = {isa = PBXBuildFile; fileRef = 7F70ED0D297AB27B0044984C /* Nunito-BlackItalic.ttf */; };
		7F70ED22297AB27B0044984C /* Nunito-Italic.ttf in Resources */ = {isa = PBXBuildFile; fileRef = 7F70ED0E297AB27B0044984C /* Nunito-Italic.ttf */; };
		7F70ED23297AB27B0044984C /* Nunito-LightItalic.ttf in Resources */ = {isa = PBXBuildFile; fileRef = 7F70ED0F297AB27B0044984C /* Nunito-LightItalic.ttf */; };
		7F70ED24297AB27B0044984C /* Nunito-MediumItalic.ttf in Resources */ = {isa = PBXBuildFile; fileRef = 7F70ED10297AB27B0044984C /* Nunito-MediumItalic.ttf */; };
		7F70ED25297AB27B0044984C /* OFL.txt in Resources */ = {isa = PBXBuildFile; fileRef = 7F70ED11297AB27B0044984C /* OFL.txt */; };
		7F70ED26297AB27B0044984C /* Nunito-Italic-VariableFont_wght.ttf in Resources */ = {isa = PBXBuildFile; fileRef = 7F70ED12297AB27B0044984C /* Nunito-Italic-VariableFont_wght.ttf */; };
		7F70ED27297AB27B0044984C /* README.txt in Resources */ = {isa = PBXBuildFile; fileRef = 7F70ED13297AB27B0044984C /* README.txt */; };
		7F70ED2B297C78290044984C /* SignUpViewController.swift in Sources */ = {isa = PBXBuildFile; fileRef = 7F70ED2A297C78290044984C /* SignUpViewController.swift */; };
		C31036CE297AC4C5006EBBF3 /* UIView+Extension.swift in Sources */ = {isa = PBXBuildFile; fileRef = C31036CD297AC4C5006EBBF3 /* UIView+Extension.swift */; };
		C31036D1297AC5CB006EBBF3 /* OnboardingSlide.swift in Sources */ = {isa = PBXBuildFile; fileRef = C31036D0297AC5CB006EBBF3 /* OnboardingSlide.swift */; };
		C31036D3297AC6C6006EBBF3 /* OnboardingCollectionViewCell.swift in Sources */ = {isa = PBXBuildFile; fileRef = C31036D2297AC6C6006EBBF3 /* OnboardingCollectionViewCell.swift */; };
		C3916D57297C61FB002E1760 /* TabbarViewController.swift in Sources */ = {isa = PBXBuildFile; fileRef = C3916D56297C61FB002E1760 /* TabbarViewController.swift */; };
		C3916D59297C6277002E1760 /* CustomTabbar.swift in Sources */ = {isa = PBXBuildFile; fileRef = C3916D58297C6277002E1760 /* CustomTabbar.swift */; };
/* End PBXBuildFile section */

/* Begin PBXFileReference section */
		7F70ECE7297AAB140044984C /* QuizUp Battle.app */ = {isa = PBXFileReference; explicitFileType = wrapper.application; includeInIndex = 0; path = "QuizUp Battle.app"; sourceTree = BUILT_PRODUCTS_DIR; };
		7F70ECEA297AAB140044984C /* AppDelegate.swift */ = {isa = PBXFileReference; lastKnownFileType = sourcecode.swift; path = AppDelegate.swift; sourceTree = "<group>"; };
		7F70ECEC297AAB140044984C /* SceneDelegate.swift */ = {isa = PBXFileReference; lastKnownFileType = sourcecode.swift; path = SceneDelegate.swift; sourceTree = "<group>"; };
		7F70ECEE297AAB140044984C /* OnboardingViewController.swift */ = {isa = PBXFileReference; lastKnownFileType = sourcecode.swift; path = OnboardingViewController.swift; sourceTree = "<group>"; };
		7F70ECF1297AAB140044984C /* Base */ = {isa = PBXFileReference; lastKnownFileType = file.storyboard; name = Base; path = Base.lproj/Main.storyboard; sourceTree = "<group>"; };
		7F70ECF3297AAB160044984C /* Assets.xcassets */ = {isa = PBXFileReference; lastKnownFileType = folder.assetcatalog; path = Assets.xcassets; sourceTree = "<group>"; };
		7F70ECF6297AAB160044984C /* Base */ = {isa = PBXFileReference; lastKnownFileType = file.storyboard; name = Base; path = Base.lproj/LaunchScreen.storyboard; sourceTree = "<group>"; };
		7F70ECF8297AAB160044984C /* Info.plist */ = {isa = PBXFileReference; lastKnownFileType = text.plist.xml; path = Info.plist; sourceTree = "<group>"; };
		7F70ECFF297AB27B0044984C /* Nunito-VariableFont_wght.ttf */ = {isa = PBXFileReference; lastKnownFileType = file; path = "Nunito-VariableFont_wght.ttf"; sourceTree = "<group>"; };
		7F70ED01297AB27B0044984C /* Nunito-Medium.ttf */ = {isa = PBXFileReference; lastKnownFileType = file; path = "Nunito-Medium.ttf"; sourceTree = "<group>"; };
		7F70ED02297AB27B0044984C /* Nunito-ExtraBoldItalic.ttf */ = {isa = PBXFileReference; lastKnownFileType = file; path = "Nunito-ExtraBoldItalic.ttf"; sourceTree = "<group>"; };
		7F70ED03297AB27B0044984C /* Nunito-ExtraBold.ttf */ = {isa = PBXFileReference; lastKnownFileType = file; path = "Nunito-ExtraBold.ttf"; sourceTree = "<group>"; };
		7F70ED04297AB27B0044984C /* Nunito-ExtraLightItalic.ttf */ = {isa = PBXFileReference; lastKnownFileType = file; path = "Nunito-ExtraLightItalic.ttf"; sourceTree = "<group>"; };
		7F70ED05297AB27B0044984C /* Nunito-Light.ttf */ = {isa = PBXFileReference; lastKnownFileType = file; path = "Nunito-Light.ttf"; sourceTree = "<group>"; };
		7F70ED06297AB27B0044984C /* Nunito-Regular.ttf */ = {isa = PBXFileReference; lastKnownFileType = file; path = "Nunito-Regular.ttf"; sourceTree = "<group>"; };
		7F70ED07297AB27B0044984C /* Nunito-SemiBold.ttf */ = {isa = PBXFileReference; lastKnownFileType = file; path = "Nunito-SemiBold.ttf"; sourceTree = "<group>"; };
		7F70ED08297AB27B0044984C /* Nunito-Bold.ttf */ = {isa = PBXFileReference; lastKnownFileType = file; path = "Nunito-Bold.ttf"; sourceTree = "<group>"; };
		7F70ED09297AB27B0044984C /* Nunito-BoldItalic.ttf */ = {isa = PBXFileReference; lastKnownFileType = file; path = "Nunito-BoldItalic.ttf"; sourceTree = "<group>"; };
		7F70ED0A297AB27B0044984C /* Nunito-Black.ttf */ = {isa = PBXFileReference; lastKnownFileType = file; path = "Nunito-Black.ttf"; sourceTree = "<group>"; };
		7F70ED0B297AB27B0044984C /* Nunito-ExtraLight.ttf */ = {isa = PBXFileReference; lastKnownFileType = file; path = "Nunito-ExtraLight.ttf"; sourceTree = "<group>"; };
		7F70ED0C297AB27B0044984C /* Nunito-SemiBoldItalic.ttf */ = {isa = PBXFileReference; lastKnownFileType = file; path = "Nunito-SemiBoldItalic.ttf"; sourceTree = "<group>"; };
		7F70ED0D297AB27B0044984C /* Nunito-BlackItalic.ttf */ = {isa = PBXFileReference; lastKnownFileType = file; path = "Nunito-BlackItalic.ttf"; sourceTree = "<group>"; };
		7F70ED0E297AB27B0044984C /* Nunito-Italic.ttf */ = {isa = PBXFileReference; lastKnownFileType = file; path = "Nunito-Italic.ttf"; sourceTree = "<group>"; };
		7F70ED0F297AB27B0044984C /* Nunito-LightItalic.ttf */ = {isa = PBXFileReference; lastKnownFileType = file; path = "Nunito-LightItalic.ttf"; sourceTree = "<group>"; };
		7F70ED10297AB27B0044984C /* Nunito-MediumItalic.ttf */ = {isa = PBXFileReference; lastKnownFileType = file; path = "Nunito-MediumItalic.ttf"; sourceTree = "<group>"; };
		7F70ED11297AB27B0044984C /* OFL.txt */ = {isa = PBXFileReference; fileEncoding = 4; lastKnownFileType = text; path = OFL.txt; sourceTree = "<group>"; };
		7F70ED12297AB27B0044984C /* Nunito-Italic-VariableFont_wght.ttf */ = {isa = PBXFileReference; lastKnownFileType = file; path = "Nunito-Italic-VariableFont_wght.ttf"; sourceTree = "<group>"; };
		7F70ED13297AB27B0044984C /* README.txt */ = {isa = PBXFileReference; fileEncoding = 4; lastKnownFileType = text; path = README.txt; sourceTree = "<group>"; };
		7F70ED2A297C78290044984C /* SignUpViewController.swift */ = {isa = PBXFileReference; lastKnownFileType = sourcecode.swift; path = SignUpViewController.swift; sourceTree = "<group>"; };
		C31036CD297AC4C5006EBBF3 /* UIView+Extension.swift */ = {isa = PBXFileReference; lastKnownFileType = sourcecode.swift; path = "UIView+Extension.swift"; sourceTree = "<group>"; };
		C31036D0297AC5CB006EBBF3 /* OnboardingSlide.swift */ = {isa = PBXFileReference; lastKnownFileType = sourcecode.swift; path = OnboardingSlide.swift; sourceTree = "<group>"; };
		C31036D2297AC6C6006EBBF3 /* OnboardingCollectionViewCell.swift */ = {isa = PBXFileReference; lastKnownFileType = sourcecode.swift; path = OnboardingCollectionViewCell.swift; sourceTree = "<group>"; };
		C3916D56297C61FB002E1760 /* TabbarViewController.swift */ = {isa = PBXFileReference; lastKnownFileType = sourcecode.swift; path = TabbarViewController.swift; sourceTree = "<group>"; };
		C3916D58297C6277002E1760 /* CustomTabbar.swift */ = {isa = PBXFileReference; lastKnownFileType = sourcecode.swift; path = CustomTabbar.swift; sourceTree = "<group>"; };
/* End PBXFileReference section */

/* Begin PBXFrameworksBuildPhase section */
		7F70ECE4297AAB140044984C /* Frameworks */ = {
			isa = PBXFrameworksBuildPhase;
			buildActionMask = 2147483647;
			files = (
			);
			runOnlyForDeploymentPostprocessing = 0;
		};
/* End PBXFrameworksBuildPhase section */

/* Begin PBXGroup section */
		7F70ECDE297AAB140044984C = {
			isa = PBXGroup;
			children = (
				7F70ECE9297AAB140044984C /* QuizUp Battle */,
				7F70ECE8297AAB140044984C /* Products */,
			);
			sourceTree = "<group>";
		};
		7F70ECE8297AAB140044984C /* Products */ = {
			isa = PBXGroup;
			children = (
				7F70ECE7297AAB140044984C /* QuizUp Battle.app */,
			);
			name = Products;
			sourceTree = "<group>";
		};
		7F70ECE9297AAB140044984C /* QuizUp Battle */ = {
			isa = PBXGroup;
			children = (
				C31036CF297AC5BB006EBBF3 /* Models */,
				C31036CC297AC49B006EBBF3 /* Extension */,
				C31036CB297AC2DA006EBBF3 /* Views */,
				7F70ED28297AB2840044984C /* Fonts */,
				7F70ECEA297AAB140044984C /* AppDelegate.swift */,
				7F70ECEC297AAB140044984C /* SceneDelegate.swift */,
				7F70ECF0297AAB140044984C /* Main.storyboard */,
				7F70ED2A297C78290044984C /* SignUpViewController.swift */,
				7F70ECF3297AAB160044984C /* Assets.xcassets */,
				7F70ECF5297AAB160044984C /* LaunchScreen.storyboard */,
				7F70ECF8297AAB160044984C /* Info.plist */,
				C3916D56297C61FB002E1760 /* TabbarViewController.swift */,
				C3916D58297C6277002E1760 /* CustomTabbar.swift */,
			);
			path = "QuizUp Battle";
			sourceTree = "<group>";
		};
		7F70ECFE297AB27B0044984C /* Nunito */ = {
			isa = PBXGroup;
			children = (
				7F70ECFF297AB27B0044984C /* Nunito-VariableFont_wght.ttf */,
				7F70ED00297AB27B0044984C /* static */,
				7F70ED11297AB27B0044984C /* OFL.txt */,
				7F70ED12297AB27B0044984C /* Nunito-Italic-VariableFont_wght.ttf */,
				7F70ED13297AB27B0044984C /* README.txt */,
			);
			path = Nunito;
			sourceTree = "<group>";
		};
		7F70ED00297AB27B0044984C /* static */ = {
			isa = PBXGroup;
			children = (
				7F70ED01297AB27B0044984C /* Nunito-Medium.ttf */,
				7F70ED02297AB27B0044984C /* Nunito-ExtraBoldItalic.ttf */,
				7F70ED03297AB27B0044984C /* Nunito-ExtraBold.ttf */,
				7F70ED04297AB27B0044984C /* Nunito-ExtraLightItalic.ttf */,
				7F70ED05297AB27B0044984C /* Nunito-Light.ttf */,
				7F70ED06297AB27B0044984C /* Nunito-Regular.ttf */,
				7F70ED07297AB27B0044984C /* Nunito-SemiBold.ttf */,
				7F70ED08297AB27B0044984C /* Nunito-Bold.ttf */,
				7F70ED09297AB27B0044984C /* Nunito-BoldItalic.ttf */,
				7F70ED0A297AB27B0044984C /* Nunito-Black.ttf */,
				7F70ED0B297AB27B0044984C /* Nunito-ExtraLight.ttf */,
				7F70ED0C297AB27B0044984C /* Nunito-SemiBoldItalic.ttf */,
				7F70ED0D297AB27B0044984C /* Nunito-BlackItalic.ttf */,
				7F70ED0E297AB27B0044984C /* Nunito-Italic.ttf */,
				7F70ED0F297AB27B0044984C /* Nunito-LightItalic.ttf */,
				7F70ED10297AB27B0044984C /* Nunito-MediumItalic.ttf */,
			);
			path = static;
			sourceTree = "<group>";
		};
		7F70ED28297AB2840044984C /* Fonts */ = {
			isa = PBXGroup;
			children = (
				7F70ECFE297AB27B0044984C /* Nunito */,
			);
			path = Fonts;
			sourceTree = "<group>";
		};
		C31036CB297AC2DA006EBBF3 /* Views */ = {
			isa = PBXGroup;
			children = (
				C3CFEAB0297AE5A3003D97D1 /* OnboardingView */,
			);
			path = Views;
			sourceTree = "<group>";
		};
		C31036CC297AC49B006EBBF3 /* Extension */ = {
			isa = PBXGroup;
			children = (
				C31036CD297AC4C5006EBBF3 /* UIView+Extension.swift */,
			);
			path = Extension;
			sourceTree = "<group>";
		};
		C31036CF297AC5BB006EBBF3 /* Models */ = {
			isa = PBXGroup;
			children = (
				C31036D0297AC5CB006EBBF3 /* OnboardingSlide.swift */,
			);
			path = Models;
			sourceTree = "<group>";
		};
		C3CFEAB0297AE5A3003D97D1 /* OnboardingView */ = {
			isa = PBXGroup;
			children = (
				7F70ECEE297AAB140044984C /* OnboardingViewController.swift */,
				C31036D2297AC6C6006EBBF3 /* OnboardingCollectionViewCell.swift */,
			);
			path = OnboardingView;
			sourceTree = "<group>";
		};
/* End PBXGroup section */

/* Begin PBXNativeTarget section */
		7F70ECE6297AAB140044984C /* QuizUp Battle */ = {
			isa = PBXNativeTarget;
			buildConfigurationList = 7F70ECFB297AAB160044984C /* Build configuration list for PBXNativeTarget "QuizUp Battle" */;
			buildPhases = (
				7F70ECE3297AAB140044984C /* Sources */,
				7F70ECE4297AAB140044984C /* Frameworks */,
				7F70ECE5297AAB140044984C /* Resources */,
			);
			buildRules = (
			);
			dependencies = (
			);
			name = "QuizUp Battle";
			productName = "QuizUp Battle";
			productReference = 7F70ECE7297AAB140044984C /* QuizUp Battle.app */;
			productType = "com.apple.product-type.application";
		};
/* End PBXNativeTarget section */

/* Begin PBXProject section */
		7F70ECDF297AAB140044984C /* Project object */ = {
			isa = PBXProject;
			attributes = {
				BuildIndependentTargetsInParallel = 1;
				LastSwiftUpdateCheck = 1420;
				LastUpgradeCheck = 1420;
				TargetAttributes = {
					7F70ECE6297AAB140044984C = {
						CreatedOnToolsVersion = 14.2;
					};
				};
			};
			buildConfigurationList = 7F70ECE2297AAB140044984C /* Build configuration list for PBXProject "QuizUp Battle" */;
			compatibilityVersion = "Xcode 14.0";
			developmentRegion = en;
			hasScannedForEncodings = 0;
			knownRegions = (
				en,
				Base,
			);
			mainGroup = 7F70ECDE297AAB140044984C;
			productRefGroup = 7F70ECE8297AAB140044984C /* Products */;
			projectDirPath = "";
			projectRoot = "";
			targets = (
				7F70ECE6297AAB140044984C /* QuizUp Battle */,
			);
		};
/* End PBXProject section */

/* Begin PBXResourcesBuildPhase section */
		7F70ECE5297AAB140044984C /* Resources */ = {
			isa = PBXResourcesBuildPhase;
			buildActionMask = 2147483647;
			files = (
				7F70ED25297AB27B0044984C /* OFL.txt in Resources */,
				7F70ED1A297AB27B0044984C /* Nunito-Regular.ttf in Resources */,
				7F70ED22297AB27B0044984C /* Nunito-Italic.ttf in Resources */,
				7F70ED1E297AB27B0044984C /* Nunito-Black.ttf in Resources */,
				7F70ED14297AB27B0044984C /* Nunito-VariableFont_wght.ttf in Resources */,
				7F70ECF7297AAB160044984C /* LaunchScreen.storyboard in Resources */,
				7F70ED27297AB27B0044984C /* README.txt in Resources */,
				7F70ED20297AB27B0044984C /* Nunito-SemiBoldItalic.ttf in Resources */,
				7F70ED19297AB27B0044984C /* Nunito-Light.ttf in Resources */,
				7F70ECF4297AAB160044984C /* Assets.xcassets in Resources */,
				7F70ED24297AB27B0044984C /* Nunito-MediumItalic.ttf in Resources */,
				7F70ED26297AB27B0044984C /* Nunito-Italic-VariableFont_wght.ttf in Resources */,
				7F70ED1B297AB27B0044984C /* Nunito-SemiBold.ttf in Resources */,
				7F70ED18297AB27B0044984C /* Nunito-ExtraLightItalic.ttf in Resources */,
				7F70ECF2297AAB140044984C /* Main.storyboard in Resources */,
				7F70ED1F297AB27B0044984C /* Nunito-ExtraLight.ttf in Resources */,
				7F70ED15297AB27B0044984C /* Nunito-Medium.ttf in Resources */,
				7F70ED21297AB27B0044984C /* Nunito-BlackItalic.ttf in Resources */,
				7F70ED16297AB27B0044984C /* Nunito-ExtraBoldItalic.ttf in Resources */,
				7F70ED1C297AB27B0044984C /* Nunito-Bold.ttf in Resources */,
				7F70ED17297AB27B0044984C /* Nunito-ExtraBold.ttf in Resources */,
				7F70ED23297AB27B0044984C /* Nunito-LightItalic.ttf in Resources */,
				7F70ED1D297AB27B0044984C /* Nunito-BoldItalic.ttf in Resources */,
			);
			runOnlyForDeploymentPostprocessing = 0;
		};
/* End PBXResourcesBuildPhase section */

/* Begin PBXSourcesBuildPhase section */
		7F70ECE3297AAB140044984C /* Sources */ = {
			isa = PBXSourcesBuildPhase;
			buildActionMask = 2147483647;
			files = (
				C31036D1297AC5CB006EBBF3 /* OnboardingSlide.swift in Sources */,
				7F70ECEF297AAB140044984C /* OnboardingViewController.swift in Sources */,
				C3916D57297C61FB002E1760 /* TabbarViewController.swift in Sources */,
				7F70ECEB297AAB140044984C /* AppDelegate.swift in Sources */,
				C3916D59297C6277002E1760 /* CustomTabbar.swift in Sources */,
				C31036CE297AC4C5006EBBF3 /* UIView+Extension.swift in Sources */,
				7F70ED2B297C78290044984C /* SignUpViewController.swift in Sources */,
				7F70ECED297AAB140044984C /* SceneDelegate.swift in Sources */,
				C31036D3297AC6C6006EBBF3 /* OnboardingCollectionViewCell.swift in Sources */,
			);
			runOnlyForDeploymentPostprocessing = 0;
		};
/* End PBXSourcesBuildPhase section */

/* Begin PBXVariantGroup section */
		7F70ECF0297AAB140044984C /* Main.storyboard */ = {
			isa = PBXVariantGroup;
			children = (
				7F70ECF1297AAB140044984C /* Base */,
			);
			name = Main.storyboard;
			sourceTree = "<group>";
		};
		7F70ECF5297AAB160044984C /* LaunchScreen.storyboard */ = {
			isa = PBXVariantGroup;
			children = (
				7F70ECF6297AAB160044984C /* Base */,
			);
			name = LaunchScreen.storyboard;
			sourceTree = "<group>";
		};
/* End PBXVariantGroup section */

/* Begin XCBuildConfiguration section */
		7F70ECF9297AAB160044984C /* Debug */ = {
			isa = XCBuildConfiguration;
			buildSettings = {
				ALWAYS_SEARCH_USER_PATHS = NO;
				CLANG_ANALYZER_NONNULL = YES;
				CLANG_ANALYZER_NUMBER_OBJECT_CONVERSION = YES_AGGRESSIVE;
				CLANG_CXX_LANGUAGE_STANDARD = "gnu++20";
				CLANG_ENABLE_MODULES = YES;
				CLANG_ENABLE_OBJC_ARC = YES;
				CLANG_ENABLE_OBJC_WEAK = YES;
				CLANG_WARN_BLOCK_CAPTURE_AUTORELEASING = YES;
				CLANG_WARN_BOOL_CONVERSION = YES;
				CLANG_WARN_COMMA = YES;
				CLANG_WARN_CONSTANT_CONVERSION = YES;
				CLANG_WARN_DEPRECATED_OBJC_IMPLEMENTATIONS = YES;
				CLANG_WARN_DIRECT_OBJC_ISA_USAGE = YES_ERROR;
				CLANG_WARN_DOCUMENTATION_COMMENTS = YES;
				CLANG_WARN_EMPTY_BODY = YES;
				CLANG_WARN_ENUM_CONVERSION = YES;
				CLANG_WARN_INFINITE_RECURSION = YES;
				CLANG_WARN_INT_CONVERSION = YES;
				CLANG_WARN_NON_LITERAL_NULL_CONVERSION = YES;
				CLANG_WARN_OBJC_IMPLICIT_RETAIN_SELF = YES;
				CLANG_WARN_OBJC_LITERAL_CONVERSION = YES;
				CLANG_WARN_OBJC_ROOT_CLASS = YES_ERROR;
				CLANG_WARN_QUOTED_INCLUDE_IN_FRAMEWORK_HEADER = YES;
				CLANG_WARN_RANGE_LOOP_ANALYSIS = YES;
				CLANG_WARN_STRICT_PROTOTYPES = YES;
				CLANG_WARN_SUSPICIOUS_MOVE = YES;
				CLANG_WARN_UNGUARDED_AVAILABILITY = YES_AGGRESSIVE;
				CLANG_WARN_UNREACHABLE_CODE = YES;
				CLANG_WARN__DUPLICATE_METHOD_MATCH = YES;
				COPY_PHASE_STRIP = NO;
				DEBUG_INFORMATION_FORMAT = dwarf;
				ENABLE_STRICT_OBJC_MSGSEND = YES;
				ENABLE_TESTABILITY = YES;
				GCC_C_LANGUAGE_STANDARD = gnu11;
				GCC_DYNAMIC_NO_PIC = NO;
				GCC_NO_COMMON_BLOCKS = YES;
				GCC_OPTIMIZATION_LEVEL = 0;
				GCC_PREPROCESSOR_DEFINITIONS = (
					"DEBUG=1",
					"$(inherited)",
				);
				GCC_WARN_64_TO_32_BIT_CONVERSION = YES;
				GCC_WARN_ABOUT_RETURN_TYPE = YES_ERROR;
				GCC_WARN_UNDECLARED_SELECTOR = YES;
				GCC_WARN_UNINITIALIZED_AUTOS = YES_AGGRESSIVE;
				GCC_WARN_UNUSED_FUNCTION = YES;
				GCC_WARN_UNUSED_VARIABLE = YES;
				IPHONEOS_DEPLOYMENT_TARGET = 16.2;
				MTL_ENABLE_DEBUG_INFO = INCLUDE_SOURCE;
				MTL_FAST_MATH = YES;
				ONLY_ACTIVE_ARCH = YES;
				SDKROOT = iphoneos;
				SWIFT_ACTIVE_COMPILATION_CONDITIONS = DEBUG;
				SWIFT_OPTIMIZATION_LEVEL = "-Onone";
			};
			name = Debug;
		};
		7F70ECFA297AAB160044984C /* Release */ = {
			isa = XCBuildConfiguration;
			buildSettings = {
				ALWAYS_SEARCH_USER_PATHS = NO;
				CLANG_ANALYZER_NONNULL = YES;
				CLANG_ANALYZER_NUMBER_OBJECT_CONVERSION = YES_AGGRESSIVE;
				CLANG_CXX_LANGUAGE_STANDARD = "gnu++20";
				CLANG_ENABLE_MODULES = YES;
				CLANG_ENABLE_OBJC_ARC = YES;
				CLANG_ENABLE_OBJC_WEAK = YES;
				CLANG_WARN_BLOCK_CAPTURE_AUTORELEASING = YES;
				CLANG_WARN_BOOL_CONVERSION = YES;
				CLANG_WARN_COMMA = YES;
				CLANG_WARN_CONSTANT_CONVERSION = YES;
				CLANG_WARN_DEPRECATED_OBJC_IMPLEMENTATIONS = YES;
				CLANG_WARN_DIRECT_OBJC_ISA_USAGE = YES_ERROR;
				CLANG_WARN_DOCUMENTATION_COMMENTS = YES;
				CLANG_WARN_EMPTY_BODY = YES;
				CLANG_WARN_ENUM_CONVERSION = YES;
				CLANG_WARN_INFINITE_RECURSION = YES;
				CLANG_WARN_INT_CONVERSION = YES;
				CLANG_WARN_NON_LITERAL_NULL_CONVERSION = YES;
				CLANG_WARN_OBJC_IMPLICIT_RETAIN_SELF = YES;
				CLANG_WARN_OBJC_LITERAL_CONVERSION = YES;
				CLANG_WARN_OBJC_ROOT_CLASS = YES_ERROR;
				CLANG_WARN_QUOTED_INCLUDE_IN_FRAMEWORK_HEADER = YES;
				CLANG_WARN_RANGE_LOOP_ANALYSIS = YES;
				CLANG_WARN_STRICT_PROTOTYPES = YES;
				CLANG_WARN_SUSPICIOUS_MOVE = YES;
				CLANG_WARN_UNGUARDED_AVAILABILITY = YES_AGGRESSIVE;
				CLANG_WARN_UNREACHABLE_CODE = YES;
				CLANG_WARN__DUPLICATE_METHOD_MATCH = YES;
				COPY_PHASE_STRIP = NO;
				DEBUG_INFORMATION_FORMAT = "dwarf-with-dsym";
				ENABLE_NS_ASSERTIONS = NO;
				ENABLE_STRICT_OBJC_MSGSEND = YES;
				GCC_C_LANGUAGE_STANDARD = gnu11;
				GCC_NO_COMMON_BLOCKS = YES;
				GCC_WARN_64_TO_32_BIT_CONVERSION = YES;
				GCC_WARN_ABOUT_RETURN_TYPE = YES_ERROR;
				GCC_WARN_UNDECLARED_SELECTOR = YES;
				GCC_WARN_UNINITIALIZED_AUTOS = YES_AGGRESSIVE;
				GCC_WARN_UNUSED_FUNCTION = YES;
				GCC_WARN_UNUSED_VARIABLE = YES;
				IPHONEOS_DEPLOYMENT_TARGET = 16.2;
				MTL_ENABLE_DEBUG_INFO = NO;
				MTL_FAST_MATH = YES;
				SDKROOT = iphoneos;
				SWIFT_COMPILATION_MODE = wholemodule;
				SWIFT_OPTIMIZATION_LEVEL = "-O";
				VALIDATE_PRODUCT = YES;
			};
			name = Release;
		};
		7F70ECFC297AAB160044984C /* Debug */ = {
			isa = XCBuildConfiguration;
			buildSettings = {
				ASSETCATALOG_COMPILER_APPICON_NAME = AppIcon;
				ASSETCATALOG_COMPILER_GLOBAL_ACCENT_COLOR_NAME = AccentColor;
				CODE_SIGN_STYLE = Automatic;
				CURRENT_PROJECT_VERSION = 1;
				DEVELOPMENT_TEAM = T8DT652963;
				GENERATE_INFOPLIST_FILE = YES;
				INFOPLIST_FILE = "QuizUp Battle/Info.plist";
				INFOPLIST_KEY_CFBundleDisplayName = "QuizUp Battle";
				INFOPLIST_KEY_LSApplicationCategoryType = "public.app-category.trivia-games";
				INFOPLIST_KEY_UIApplicationSupportsIndirectInputEvents = YES;
				INFOPLIST_KEY_UILaunchStoryboardName = LaunchScreen;
				INFOPLIST_KEY_UIMainStoryboardFile = Main;
				INFOPLIST_KEY_UISupportedInterfaceOrientations = UIInterfaceOrientationPortrait;
				IPHONEOS_DEPLOYMENT_TARGET = 15.0;
				LD_RUNPATH_SEARCH_PATHS = (
					"$(inherited)",
					"@executable_path/Frameworks",
				);
				MARKETING_VERSION = 1.0;
				PRODUCT_BUNDLE_IDENTIFIER = "com.yigitozdamar.QuizUp-Battle";
				PRODUCT_NAME = "$(TARGET_NAME)";
				SUPPORTED_PLATFORMS = "iphoneos iphonesimulator";
				SUPPORTS_MACCATALYST = NO;
				SUPPORTS_MAC_DESIGNED_FOR_IPHONE_IPAD = NO;
				SWIFT_EMIT_LOC_STRINGS = YES;
				SWIFT_VERSION = 5.0;
				TARGETED_DEVICE_FAMILY = "1,2";
			};
			name = Debug;
		};
		7F70ECFD297AAB160044984C /* Release */ = {
			isa = XCBuildConfiguration;
			buildSettings = {
				ASSETCATALOG_COMPILER_APPICON_NAME = AppIcon;
				ASSETCATALOG_COMPILER_GLOBAL_ACCENT_COLOR_NAME = AccentColor;
				CODE_SIGN_STYLE = Automatic;
				CURRENT_PROJECT_VERSION = 1;
				DEVELOPMENT_TEAM = T8DT652963;
				GENERATE_INFOPLIST_FILE = YES;
				INFOPLIST_FILE = "QuizUp Battle/Info.plist";
				INFOPLIST_KEY_CFBundleDisplayName = "QuizUp Battle";
				INFOPLIST_KEY_LSApplicationCategoryType = "public.app-category.trivia-games";
				INFOPLIST_KEY_UIApplicationSupportsIndirectInputEvents = YES;
				INFOPLIST_KEY_UILaunchStoryboardName = LaunchScreen;
				INFOPLIST_KEY_UIMainStoryboardFile = Main;
				INFOPLIST_KEY_UISupportedInterfaceOrientations = UIInterfaceOrientationPortrait;
				IPHONEOS_DEPLOYMENT_TARGET = 15.0;
				LD_RUNPATH_SEARCH_PATHS = (
					"$(inherited)",
					"@executable_path/Frameworks",
				);
				MARKETING_VERSION = 1.0;
				PRODUCT_BUNDLE_IDENTIFIER = "com.yigitozdamar.QuizUp-Battle";
				PRODUCT_NAME = "$(TARGET_NAME)";
				SUPPORTED_PLATFORMS = "iphoneos iphonesimulator";
				SUPPORTS_MACCATALYST = NO;
				SUPPORTS_MAC_DESIGNED_FOR_IPHONE_IPAD = NO;
				SWIFT_EMIT_LOC_STRINGS = YES;
				SWIFT_VERSION = 5.0;
				TARGETED_DEVICE_FAMILY = "1,2";
			};
			name = Release;
		};
/* End XCBuildConfiguration section */

/* Begin XCConfigurationList section */
		7F70ECE2297AAB140044984C /* Build configuration list for PBXProject "QuizUp Battle" */ = {
			isa = XCConfigurationList;
			buildConfigurations = (
				7F70ECF9297AAB160044984C /* Debug */,
				7F70ECFA297AAB160044984C /* Release */,
			);
			defaultConfigurationIsVisible = 0;
			defaultConfigurationName = Release;
		};
		7F70ECFB297AAB160044984C /* Build configuration list for PBXNativeTarget "QuizUp Battle" */ = {
			isa = XCConfigurationList;
			buildConfigurations = (
				7F70ECFC297AAB160044984C /* Debug */,
				7F70ECFD297AAB160044984C /* Release */,
			);
			defaultConfigurationIsVisible = 0;
			defaultConfigurationName = Release;
		};
/* End XCConfigurationList section */
	};
	rootObject = 7F70ECDF297AAB140044984C /* Project object */;
}
